{
  "nodes": {
    "base16": {
      "inputs": {
        "fromYaml": "fromYaml"
      },
      "locked": {
        "lastModified": 1755819240,
        "narHash": "sha256-qcMhnL7aGAuFuutH4rq9fvAhCpJWVHLcHVZLtPctPlo=",
        "owner": "SenchoPens",
        "repo": "base16.nix",
        "rev": "75ed5e5e3fce37df22e49125181fa37899c3ccd6",
        "type": "github"
      },
      "original": {
        "owner": "SenchoPens",
        "repo": "base16.nix",
        "type": "github"
      }
    },
    "base16-fish": {
      "flake": false,
      "locked": {
        "lastModified": 1765809053,
        "narHash": "sha256-XCUQLoLfBJ8saWms2HCIj4NEN+xNsWBlU1NrEPcQG4s=",
        "owner": "tomyun",
        "repo": "base16-fish",
        "rev": "86cbea4dca62e08fb7fd83a70e96472f92574782",
        "type": "github"
      },
      "original": {
        "owner": "tomyun",
        "repo": "base16-fish",
        "rev": "86cbea4dca62e08fb7fd83a70e96472f92574782",
        "type": "github"
      }
    },
    "base16-helix": {
      "flake": false,
      "locked": {
        "lastModified": 1776754714,
        "narHash": "sha256-E3OAK27smtATTmX45uoTSRsVD+Y+ZiVVfgM/tjpbtYg=",
        "owner": "tinted-theming",
        "repo": "base16-helix",
        "rev": "4d508123037e7851ad36ebf7d9c48b0e9e1eb581",
        "type": "github"
      },
      "original": {
        "owner": "tinted-theming",
        "repo": "base16-helix",
        "type": "github"
      }
    },
    "base16-vim": {
      "flake": false,
      "locked": {
        "lastModified": 1732806396,
        "narHash": "sha256-e0bpPySdJf0F68Ndanwm+KWHgQiZ0s7liLhvJSWDNsA=",
        "owner": "tinted-theming",
        "repo": "base16-vim",
        "rev": "577fe8125d74ff456cf942c733a85d769afe58b7",
        "type": "github"
      },
      "original": {
        "owner": "tinted-theming",
        "repo": "base16-vim",
        "rev": "577fe8125d74ff456cf942c733a85d769afe58b7",
        "type": "github"
      }
    },
    "betterfox": {
      "flake": false,
      "locked": {
        "lastModified": 1783031216,
        "narHash": "sha256-nLkaxpbAMifWxx/RJvuaDpjndzKFPTvAO8o9gR47HtU=",
        "owner": "yokoffing",
        "repo": "betterfox",
        "rev": "8e415d1633f10fe0192d9c938e4ca2628eeec9f9",
        "type": "github"
      },
      "original": {
        "owner": "yokoffing",
        "repo": "betterfox",
        "type": "github"
      }
    },
    "binternet-nix": {
      "inputs": {
        "flake-parts": [
          "flake-parts"
        ],
        "nixpkgs": [
          "binternet-nix",
          "nixpkgs-unstable"
        ],
        "nixpkgs-unstable": [
          "nixpkgs"
        ]
      },
      "locked": {
        "lastModified": 1781847849,
        "narHash": "sha256-+3t+zJXzQY8IgJGe/vsg0uJyXbnrvwDj2Ae5T8MxqKY=",
        "owner": "unazikx",
        "repo": "binternet-nix",
        "rev": "1ce59287957a13d285301cdf72a6d4013bea5423",
        "type": "github"
      },
      "original": {
        "owner": "unazikx",
        "repo": "binternet-nix",
        "type": "github"
      }
    },
    "crane": {
      "locked": {
        "lastModified": 1780099841,
        "narHash": "sha256-EVZd2RsbpreRUDSi9rBwPY+ZxoyMaiEBbZxxhljbaS4=",
        "owner": "ipetkov",
        "repo": "crane",
        "rev": "0532eb17955225173906d671fb36306bdeb1e2dc",
        "type": "github"
      },
      "original": {
        "owner": "ipetkov",
        "repo": "crane",
        "type": "github"
      }
    },
    "den": {
      "locked": {
        "lastModified": 1783011234,
        "narHash": "sha256-qB7uYBoWlng5aoPWa3YgvZ6suVc0hd97qkuDHuvE7O0=",
        "owner": "denful",
        "repo": "den",
        "rev": "1614f6f8ed435c5bb257408bf91fd662f9aac43e",
        "type": "github"
      },
      "original": {
        "owner": "denful",
        "repo": "den",
        "type": "github"
      }
    },
    "disko": {
      "inputs": {
        "nixpkgs": [
          "nixpkgs"
        ]
      },
      "locked": {
        "lastModified": 1781152676,
        "narHash": "sha256-RxWs5ND31KzTG7wvMM+PMfUjyNpmIEr999lqNARaM5o=",
        "owner": "nix-community",
        "repo": "disko",
        "rev": "ff8702b4de27f72b4c78573dfb89ec74e36abdf1",
        "type": "github"
      },
      "original": {
        "owner": "nix-community",
        "repo": "disko",
        "type": "github"
      }
    },
    "dms": {
      "inputs": {
        "flake-compat": "flake-compat",
        "nixpkgs": [
          "nixpkgs"
        ]
      },
      "locked": {
        "lastModified": 1783529634,
        "narHash": "sha256-zdHsPGPE5MVi/y+uIt548XScTfZjQzdF21dME7ISEJM=",
        "owner": "avengemedia",
        "repo": "dankmaterialshell",
        "rev": "bdfd565b72cbb416441a9ab828efcac4fd516c70",
        "type": "github"
      },
      "original": {
        "owner": "avengemedia",
        "ref": "stable",
        "repo": "dankmaterialshell",
        "type": "github"
      }
    },
    "dms-plugins": {
      "inputs": {
        "nixpkgs": [
          "nixpkgs"
        ]
      },
      "locked": {
        "lastModified": 1783992807,
        "narHash": "sha256-ZZIiylg3gdZvQPiIaPpqPSeFe29wVhcXepgHsdHRrUM=",
        "owner": "avengemedia",
        "repo": "dms-plugin-registry",
        "rev": "8310a99f2195e645193fbd2c3c24aba9ed84518a",
        "type": "github"
      },
      "original": {
        "owner": "avengemedia",
        "repo": "dms-plugin-registry",
        "type": "github"
      }
    },
    "dns-malw-link": {
      "flake": false,
      "locked": {
        "lastModified": 1782757024,
        "narHash": "sha256-zQIZ3o6f+eQCpHWD8h1B0m6f4n0M8Zm/Pti0HP8Od48=",
        "owner": "immalware",
        "repo": "dns.malw.link",
        "rev": "866e07209830fa1107b029270b275f3c4a0f9c61",
        "type": "github"
      },
      "original": {
        "owner": "immalware",
        "repo": "dns.malw.link",
        "type": "github"
      }
    },
    "driftwm": {
      "inputs": {
        "nixpkgs": [
          "nixpkgs"
        ]
      },
      "locked": {
        "lastModified": 1783720237,
        "narHash": "sha256-UiUoU3CWD19LfwyVvYvYT9Cv/ZGDGCMbNiEnTUCk3/M=",
        "owner": "malbiruk",
        "repo": "driftwm",
        "rev": "4683b2c3f7507cb0eca320b077de14876f45129e",
        "type": "github"
      },
      "original": {
        "owner": "malbiruk",
        "repo": "driftwm",
        "type": "github"
      }
    },
    "files": {
      "locked": {
        "lastModified": 1780084175,
        "narHash": "sha256-hmXRqcp+rWLW8GEYgrBDFHPGziP1R59oQbG+Imji2kE=",
        "owner": "sini",
        "repo": "files",
        "rev": "b79ab01ba5394ddf3c1d0fadafbcc1ccb9536c5f",
        "type": "github"
      },
      "original": {
        "owner": "sini",
        "repo": "files",
        "type": "github"
      }
    },
    "firefox-addons": {
      "inputs": {
        "flake-utils": "flake-utils",
        "nixpkgs": [
          "nixpkgs"
        ]
      },
      "locked": {
        "lastModified": 1783733362,
        "narHash": "sha256-I9DcXRWZoAEU0/xQrjNOXTwyBlayfNJqkCw2UvtIji8=",
        "owner": "petrkozorezov",
        "repo": "firefox-addons-nix",
        "rev": "86c490f7be2bdece086020c21fc788196d921954",
        "type": "github"
      },
      "original": {
        "owner": "petrkozorezov",
        "repo": "firefox-addons-nix",
        "type": "github"
      }
    },
    "firefox-gnome-theme": {
      "flake": false,
      "locked": {
        "lastModified": 1779670703,
        "narHash": "sha256-UdfMivNMwCCqQsYDg5pSz8X2IOaOrIZLIIy+Bg3CO2o=",
        "owner": "rafaelmardojai",
        "repo": "firefox-gnome-theme",
        "rev": "942159e73e40bf785816f7f1f5feed9ef3d7c8f9",
        "type": "github"
      },
      "original": {
        "owner": "rafaelmardojai",
        "repo": "firefox-gnome-theme",
        "type": "github"
      }
    },
    "flake-compat": {
      "flake": false,
      "locked": {
        "lastModified": 1767039857,
        "narHash": "sha256-vNpUSpF5Nuw8xvDLj2KCwwksIbjua2LZCqhV1LNRDns=",
        "owner": "NixOS",
        "repo": "flake-compat",
        "rev": "5edf11c44bc78a0d334f6334cdaf7d60d732daab",
        "type": "github"
      },
      "original": {
        "owner": "NixOS",
        "repo": "flake-compat",
        "type": "github"
      }
    },
    "flake-compat_2": {
      "flake": false,
      "locked": {
        "lastModified": 1696426674,
        "narHash": "sha256-kvjfFW7WAETZlt09AgDn1MrtKzP7t90Vf7vypd3OL1U=",
        "owner": "edolstra",
        "repo": "flake-compat",
        "rev": "0f9255e01c2351cc7d116c072cb317785dd33b33",
        "type": "github"
      },
      "original": {
        "owner": "edolstra",
        "repo": "flake-compat",
        "type": "github"
      }
    },
    "flake-compat_3": {
      "flake": false,
      "locked": {
        "lastModified": 1747046372,
        "narHash": "sha256-CIVLLkVgvHYbgI2UpXvIIBJ12HWgX+fjA8Xf8PUmqCY=",
        "owner": "edolstra",
        "repo": "flake-compat",
        "rev": "9100a0f413b0c601e0533d1d94ffd501ce2e7885",
        "type": "github"
      },
      "original": {
        "owner": "edolstra",
        "repo": "flake-compat",
        "type": "github"
      }
    },
    "flake-compat_4": {
      "locked": {
        "lastModified": 1733328505,
        "narHash": "sha256-NeCCThCEP3eCl2l/+27kNNK7QrwZB1IJCrXfrbv5oqU=",
        "rev": "ff81ac966bb2cae68946d5ed5fc4994f96d0ffec",
        "revCount": 69,
        "type": "tarball",
        "url": "https://api.flakehub.com/f/pinned/edolstra/flake-compat/1.1.0/01948eb7-9cba-704f-bbf3-3fa956735b52/source.tar.gz"
      },
      "original": {
        "type": "tarball",
        "url": "https://flakehub.com/f/edolstra/flake-compat/1.tar.gz"
      }
    },
    "flake-compat_5": {
      "flake": false,
      "locked": {
        "lastModified": 1767039857,
        "narHash": "sha256-vNpUSpF5Nuw8xvDLj2KCwwksIbjua2LZCqhV1LNRDns=",
        "owner": "edolstra",
        "repo": "flake-compat",
        "rev": "5edf11c44bc78a0d334f6334cdaf7d60d732daab",
        "type": "github"
      },
      "original": {
        "owner": "edolstra",
        "repo": "flake-compat",
        "type": "github"
      }
    },
    "flake-compat_6": {
      "flake": false,
      "locked": {
        "lastModified": 1777699697,
        "narHash": "sha256-Eg9b/rq/ECYwNwEXs5i9wHyhxNI0JrYx2srdI2uZMaQ=",
        "ref": "refs/heads/main",
        "rev": "382052b74656a369c5408822af3f2501e9b1af81",
        "revCount": 94,
        "type": "git",
        "url": "https://git.lix.systems/lix-project/flake-compat.git"
      },
      "original": {
        "type": "git",
        "url": "https://git.lix.systems/lix-project/flake-compat.git"
      }
    },
    "flake-compat_7": {
      "flake": false,
      "locked": {
        "lastModified": 1767039857,
        "narHash": "sha256-vNpUSpF5Nuw8xvDLj2KCwwksIbjua2LZCqhV1LNRDns=",
        "owner": "NixOS",
        "repo": "flake-compat",
        "rev": "5edf11c44bc78a0d334f6334cdaf7d60d732daab",
        "type": "github"
      },
      "original": {
        "owner": "NixOS",
        "repo": "flake-compat",
        "type": "github"
      }
    },
    "flake-file": {
      "locked": {
        "lastModified": 1781217157,
        "narHash": "sha256-N3q/SP2Ropk336e9KSgLh7kpROY6P70dprYdbPIfd5c=",
        "owner": "denful",
        "repo": "flake-file",
        "rev": "ce63eaf7ebfe04a176653f66385a7f0a36380cee",
        "type": "github"
      },
      "original": {
        "owner": "denful",
        "repo": "flake-file",
        "type": "github"
      }
    },
    "flake-parts": {
      "inputs": {
        "nixpkgs-lib": [
          "nixpkgs"
        ]
      },
      "locked": {
        "lastModified": 1782949081,
        "narHash": "sha256-vp6Y/Grm98ESt6ceOkWiHWyZRDV3J1RID4w+6NWK9yA=",
        "owner": "hercules-ci",
        "repo": "flake-parts",
        "rev": "17c9d6cdfc60c64f4ee8d306f9bc0b4ccb51481e",
        "type": "github"
      },
      "original": {
        "owner": "hercules-ci",
        "repo": "flake-parts",
        "type": "github"
      }
    },
    "flake-utils": {
      "inputs": {
        "systems": "systems"
      },
      "locked": {
        "lastModified": 1731533236,
        "narHash": "sha256-l0KFg5HjrsfsO/JpG+r7fRrqm12kzFHyUHqHCVpMMbI=",
        "path": "/nix/store/01x5k4nlxcpyd85nnr0b9gm89rm8ff4x-source",
        "rev": "11707dc2f618dd54ca8739b309ec4fc024de578b",
        "type": "path"
      },
      "original": {
        "id": "flake-utils",
        "type": "indirect"
      }
    },
    "flake-utils_2": {
      "inputs": {
        "systems": "systems_2"
      },
      "locked": {
        "lastModified": 1731533236,
        "narHash": "sha256-l0KFg5HjrsfsO/JpG+r7fRrqm12kzFHyUHqHCVpMMbI=",
        "owner": "numtide",
        "repo": "flake-utils",
        "rev": "11707dc2f618dd54ca8739b309ec4fc024de578b",
        "type": "github"
      },
      "original": {
        "owner": "numtide",
        "repo": "flake-utils",
        "type": "github"
      }
    },
    "fromYaml": {
      "flake": false,
      "locked": {
        "lastModified": 1731966426,
        "narHash": "sha256-lq95WydhbUTWig/JpqiB7oViTcHFP8Lv41IGtayokA8=",
        "owner": "SenchoPens",
        "repo": "fromYaml",
        "rev": "106af9e2f715e2d828df706c386a685698f3223b",
        "type": "github"
      },
      "original": {
        "owner": "SenchoPens",
        "repo": "fromYaml",
        "type": "github"
      }
    },
    "git-hooks": {
      "inputs": {
        "flake-compat": "flake-compat_7",
        "gitignore": "gitignore",
        "nixpkgs": [
          "strom-nix",
          "nixpkgs"
        ]
      },
      "locked": {
        "lastModified": 1776796298,
        "narHash": "sha256-PcRvlWayisPSjd0UcRQbhG8Oqw78AcPE6x872cPRHN8=",
        "owner": "cachix",
        "repo": "git-hooks.nix",
        "rev": "3cfd774b0a530725a077e17354fbdb87ea1c4aad",
        "type": "github"
      },
      "original": {
        "owner": "cachix",
        "repo": "git-hooks.nix",
        "type": "github"
      }
    },
    "gitignore": {
      "inputs": {
        "nixpkgs": [
          "strom-nix",
          "git-hooks",
          "nixpkgs"
        ]
      },
      "locked": {
        "lastModified": 1709087332,
        "narHash": "sha256-HG2cCnktfHsKV0s4XW83gU3F57gaTljL9KNSuG6bnQs=",
        "owner": "hercules-ci",
        "repo": "gitignore.nix",
        "rev": "637db329424fd7e46cf4185293b9cc8c88c95394",
        "type": "github"
      },
      "original": {
        "owner": "hercules-ci",
        "repo": "gitignore.nix",
        "type": "github"
      }
    },
    "gnome-shell": {
      "flake": false,
      "locked": {
        "lastModified": 1767737596,
        "narHash": "sha256-eFujfIUQDgWnSJBablOuG+32hCai192yRdrNHTv0a+s=",
        "owner": "GNOME",
        "repo": "gnome-shell",
        "rev": "ef02db02bf0ff342734d525b5767814770d85b49",
        "type": "github"
      },
      "original": {
        "owner": "GNOME",
        "repo": "gnome-shell",
        "rev": "ef02db02bf0ff342734d525b5767814770d85b49",
        "type": "github"
      }
    },
    "halley-flake": {
      "inputs": {
        "flake-utils": [
          "flake-utils"
        ],
        "halley-stable-src": "halley-stable-src",
        "halley-unstable-dev-src": [],
        "halley-unstable-src": "halley-unstable-src",
        "nixpkgs": [
          "nixpkgs"
        ]
      },
      "locked": {
        "lastModified": 1783952123,
        "narHash": "sha256-/8x0vEhIVDCaWfWEEfwrQfXTkpAGhmgwLN9xOb/bIqI=",
        "owner": "binarylinuxx",
        "repo": "halley-flake",
        "rev": "4c2776f01b37d86a25895604a1a7ade34b97aebd",
        "type": "github"
      },
      "original": {
        "owner": "binarylinuxx",
        "repo": "halley-flake",
        "type": "github"
      }
    },
    "halley-stable-src": {
      "flake": false,
      "locked": {
        "lastModified": 1782881068,
        "narHash": "sha256-9OEt4bvik7nr7BmKyLp8YA87U8+zjUVsBIyZ73qWcb0=",
        "owner": "saltnpepper97",
        "repo": "halley",
        "rev": "6548e866c098347c02cac33a0d9894e205438da1",
        "type": "github"
      },
      "original": {
        "owner": "saltnpepper97",
        "ref": "v0.5.0",
        "repo": "halley",
        "type": "github"
      }
    },
    "halley-unstable-src": {
      "flake": false,
      "locked": {
        "lastModified": 1782881784,
        "narHash": "sha256-6r6lmH/GQpygmIrJ6m57iJWdyE5zYnGPt4238UrqdP0=",
        "owner": "saltnpepper97",
        "repo": "halley",
        "rev": "654e1ed173616520a478f0b733534cbad98f0733",
        "type": "github"
      },
      "original": {
        "owner": "saltnpepper97",
        "ref": "main",
        "repo": "halley",
        "type": "github"
      }
    },
    "helium-flake": {
      "inputs": {
        "flake-parts": [
          "flake-parts"
        ],
        "nixpkgs": [
          "nixpkgs"
        ]
      },
      "locked": {
        "lastModified": 1778868513,
        "narHash": "sha256-wbOYtF5N7TISQpfHRQzSSNo7EEsUAp+ZkyY7xzS3s7I=",
        "owner": "ntgn",
        "repo": "helium-flake",
        "rev": "2248af12b62611a9dd850d2ad17e11d4e31e8105",
        "type": "gitlab"
      },
      "original": {
        "owner": "ntgn",
        "repo": "helium-flake",
        "type": "gitlab"
      }
    },
    "home-manager": {
      "inputs": {
        "nixpkgs": [
          "nixpkgs"
        ]
      },
      "locked": {
        "lastModified": 1783711151,
        "narHash": "sha256-232L3Nku2nLch/TQHsJEIhiZJKr+VTehnVUs1NZ0SNc=",
        "owner": "nix-community",
        "repo": "home-manager",
        "rev": "f938277527aa084929261879d50d9832b9eab6d3",
        "type": "github"
      },
      "original": {
        "owner": "nix-community",
        "repo": "home-manager",
        "type": "github"
      }
    },
    "hytale-launcher": {
      "inputs": {
        "nixpkgs": [
          "nixpkgs"
        ]
      },
      "locked": {
        "lastModified": 1783217285,
        "narHash": "sha256-Jt0pVfk6ZeSJPkkPI+EWKB6Ie4MHaOpP9fQR/kDJ1dc=",
        "owner": "unazikx",
        "repo": "hytale-launcher-nix",
        "rev": "0566cf560c6e8dffd211602fcb99200f554f4aac",
        "type": "github"
      },
      "original": {
        "owner": "unazikx",
        "repo": "hytale-launcher-nix",
        "type": "github"
      }
    },
    "import-tree": {
      "locked": {
        "lastModified": 1778781969,
        "narHash": "sha256-Jjuz5CmSkur8KvLDoGa+vylEp+RkQtv4mt/qcMznpH0=",
        "owner": "denful",
        "repo": "import-tree",
        "rev": "d321337efd0f23a9eb14a42adb7b2c29313ab274",
        "type": "github"
      },
      "original": {
        "owner": "denful",
        "repo": "import-tree",
        "type": "github"
      }
    },
    "late-sh": {
      "inputs": {
        "flake-utils": [
          "flake-utils"
        ],
        "nixpkgs": [
          "nixpkgs"
        ],
        "rust-overlay": "rust-overlay"
      },
      "locked": {
        "lastModified": 1783723590,
        "narHash": "sha256-74iq8wMGv4lozVLcDu3gSzYQ/uL0s+jGjpBoNbBHyrM=",
        "owner": "mpiorowski",
        "repo": "late-sh",
        "rev": "ff076937b0c5b720b759b88ec2bd2189be17c7d2",
        "type": "github"
      },
      "original": {
        "owner": "mpiorowski",
        "repo": "late-sh",
        "type": "github"
      }
    },
    "make-shell": {
      "inputs": {
        "flake-compat": "flake-compat_2"
      },
      "locked": {
        "lastModified": 1733933815,
        "narHash": "sha256-9JjM7eT66W4NJAXpGUsdyAFXhBxFWR2Z9LZwUa7Hli0=",
        "owner": "nicknovitski",
        "repo": "make-shell",
        "rev": "ffeceae9956df03571ea8e96ef77c2924f13a63c",
        "type": "github"
      },
      "original": {
        "owner": "nicknovitski",
        "repo": "make-shell",
        "type": "github"
      }
    },
    "mnw": {
      "locked": {
        "lastModified": 1780772958,
        "narHash": "sha256-VKKe8r4pwCGWZ3Yr9CPN129R4S3CKLSrlYqdYz3vKpM=",
        "owner": "Gerg-L",
        "repo": "mnw",
        "rev": "0871dbf63a53610c95db04439ed8ea4d6ec9c160",
        "type": "github"
      },
      "original": {
        "owner": "Gerg-L",
        "repo": "mnw",
        "type": "github"
      }
    },
    "myown": {
      "inputs": {
        "flake-parts": [
          "flake-parts"
        ],
        "nixpkgs": [
          "myown",
          "nixpkgs-unstable"
        ],
        "nixpkgs-unstable": [
          "nixpkgs"
        ],
        "nur": [
          "nur"
        ],
        "pkgs-by-name": "pkgs-by-name"
      },
      "locked": {
        "lastModified": 1783325364,
        "narHash": "sha256-4jycUjmw6v+P/BOC9iLPbow9q3FOV7n8b6Q+4wYEL78=",
        "owner": "unazikx",
        "repo": "nix-packages",
        "rev": "ab25ed0a6d0a2f13a53f3ae2dab2e2cb7b624e97",
        "type": "github"
      },
      "original": {
        "owner": "unazikx",
        "repo": "nix-packages",
        "type": "github"
      }
    },
    "nilla-cli": {
      "locked": {
        "lastModified": 1772082371,
        "narHash": "sha256-lNxeYMSLTbe/yp4ElIujaP1bB0BfhGLt+6xgV2XWUtE=",
        "owner": "nilla-nix",
        "repo": "cli",
        "rev": "7bd8639687567e3629471d952b6b732691c0890b",
        "type": "github"
      },
      "original": {
        "owner": "nilla-nix",
        "repo": "cli",
        "type": "github"
      }
    },
    "niri-flake": {
      "inputs": {
        "niri-stable": "niri-stable",
        "niri-unstable": "niri-unstable",
        "nixpkgs": [
          "nixpkgs"
        ],
        "nixpkgs-stable": [
          "nixpkgs-stable"
        ],
        "xwayland-satellite-stable": "xwayland-satellite-stable",
        "xwayland-satellite-unstable": "xwayland-satellite-unstable"
      },
      "locked": {
        "lastModified": 1783442222,
        "narHash": "sha256-r6qW8hYqB4vSWS5C+hl7LHozWDtdTEtoTLMxHqRVLOE=",
        "owner": "cmm",
        "repo": "niri-flake",
        "rev": "a158f7eb9810142f6dee88be742521badabb106a",
        "type": "github"
      },
      "original": {
        "owner": "cmm",
        "repo": "niri-flake",
        "type": "github"
      }
    },
    "niri-stable": {
      "flake": false,
      "locked": {
        "lastModified": 1756556321,
        "narHash": "sha256-RLD89dfjN0RVO86C/Mot0T7aduCygPGaYbog566F0Qo=",
        "owner": "YaLTeR",
        "repo": "niri",
        "rev": "01be0e65f4eb91a9cd624ac0b76aaeab765c7294",
        "type": "github"
      },
      "original": {
        "owner": "YaLTeR",
        "ref": "v25.08",
        "repo": "niri",
        "type": "github"
      }
    },
    "niri-unstable": {
      "flake": false,
      "locked": {
        "lastModified": 1783248941,
        "narHash": "sha256-citgYJbvR1iUKXpiWlFq3NO+fw6hXGL3Qk1ampU7lhA=",
        "owner": "YaLTeR",
        "repo": "niri",
        "rev": "a30ca7983b2f1fc3ddeb209b3fe18fa78e0dbd25",
        "type": "github"
      },
      "original": {
        "owner": "YaLTeR",
        "repo": "niri",
        "type": "github"
      }
    },
    "nix-cursors": {
      "inputs": {
        "nixpkgs": [
          "nixpkgs"
        ]
      },
      "locked": {
        "lastModified": 1716041700,
        "narHash": "sha256-4jDR/KQmtsDw/nCvpy9VvWQgtc+4R4eyrb8eJSz+KCw=",
        "owner": "lilleaila",
        "repo": "nix-cursors",
        "rev": "d119b747e47a7a24660676f59c77272d664ec61e",
        "type": "github"
      },
      "original": {
        "owner": "lilleaila",
        "repo": "nix-cursors",
        "type": "github"
      }
    },
    "nix-darwin": {
      "inputs": {
        "nixpkgs": [
          "nixpkgs"
        ]
      },
      "locked": {
        "lastModified": 1783395956,
        "narHash": "sha256-AAbexQvDoK+6GFJdhY6kqjA+6ECKRkidgWxkn4gMwAA=",
        "owner": "nix-darwin",
        "repo": "nix-darwin",
        "rev": "d5bd9cd77aea4c0a8f49e7fd85545671a208ed15",
        "type": "github"
      },
      "original": {
        "owner": "nix-darwin",
        "repo": "nix-darwin",
        "type": "github"
      }
    },
    "nix-flatpak": {
      "locked": {
        "lastModified": 1783368811,
        "narHash": "sha256-0H8jDwR4Kegb3heaTrH1ftbgKfZVDT8JE+46uXxDy/Q=",
        "owner": "gmodena",
        "repo": "nix-flatpak",
        "rev": "20d42f0ee98c9fe9f85e8d1de474f1409ed10d05",
        "type": "github"
      },
      "original": {
        "owner": "gmodena",
        "repo": "nix-flatpak",
        "type": "github"
      }
    },
    "nix-minecraft": {
      "inputs": {
        "flake-compat": "flake-compat_3",
        "nixpkgs": [
          "nixpkgs"
        ],
        "systems": "systems_3"
      },
      "locked": {
        "lastModified": 1779568360,
        "narHash": "sha256-6T2jaIPiTGnjtTpolY2+Rh7IIfkFVY6j8rDyJ3V2g2M=",
        "owner": "hustlerone",
        "repo": "nix-minecraft",
        "rev": "813f295a842eabb3c0a5a55a8a411dfeaa09c804",
        "type": "github"
      },
      "original": {
        "owner": "hustlerone",
        "repo": "nix-minecraft",
        "type": "github"
      }
    },
    "nixcord": {
      "inputs": {
        "flake-compat": "flake-compat_4",
        "flake-parts": [
          "flake-parts"
        ],
        "nixpkgs": [
          "nixpkgs"
        ],
        "nixpkgs-nixcord": "nixpkgs-nixcord"
      },
      "locked": {
        "lastModified": 1783680430,
        "narHash": "sha256-5gkLrDcQUGfEffhvGMv9olNHnnI/EwQ28WdneXxWCfo=",
        "owner": "kaylorben",
        "repo": "nixcord",
        "rev": "a91ef4e6ceee6d6882c3c82dbedef75b29f23e25",
        "type": "github"
      },
      "original": {
        "owner": "kaylorben",
        "repo": "nixcord",
        "type": "github"
      }
    },
    "nixos-cli": {
      "inputs": {
        "flake-compat": "flake-compat_5",
        "flake-parts": [
          "flake-parts"
        ],
        "nixpkgs": [
          "nixpkgs"
        ],
        "optnix": "optnix"
      },
      "locked": {
        "lastModified": 1780811447,
        "narHash": "sha256-H2UAcXvmdpgZi4trdX1hoJIteXdoqod5Vbs9oB+O4VY=",
        "owner": "nix-community",
        "repo": "nixos-cli",
        "rev": "fef2683f62b984a4c7b19eaf258f5dc387ec3447",
        "type": "github"
      },
      "original": {
        "owner": "nix-community",
        "repo": "nixos-cli",
        "type": "github"
      }
    },
    "nixpkgs-nixcord": {
      "locked": {
        "lastModified": 1782999065,
        "narHash": "sha256-5Dgj5+pIQYZKrXUGaLCk7CKfN3MmpwIhO94++WVxvng=",
        "owner": "NixOS",
        "repo": "nixpkgs",
        "rev": "80d591ed473cfc46329932c2aadac9b435342c7c",
        "type": "github"
      },
      "original": {
        "owner": "NixOS",
        "ref": "nixos-26.05",
        "repo": "nixpkgs",
        "type": "github"
      }
    },
    "nixpkgs-stable": {
      "locked": {
        "lastModified": 1783549019,
        "narHash": "sha256-0XnckG4ZhBmAsYa9mLuEIFowBG0fDGPLHduQGsbMS4A=",
        "owner": "nixos",
        "repo": "nixpkgs",
        "rev": "74cc63f702f7d60a557e152a57b40fb1fd0f72ac",
        "type": "github"
      },
      "original": {
        "owner": "nixos",
        "ref": "nixos-26.05",
        "repo": "nixpkgs",
        "type": "github"
      }
    },
    "nixpkgs-stable-prev": {
      "locked": {
        "lastModified": 1767313136,
        "narHash": "sha256-16KkgfdYqjaeRGBaYsNrhPRRENs0qzkQVUooNHtoy2w=",
        "owner": "nixos",
        "repo": "nixpkgs",
        "rev": "ac62194c3917d5f474c1a844b6fd6da2db95077d",
        "type": "github"
      },
      "original": {
        "owner": "nixos",
        "ref": "nixos-25.05",
        "repo": "nixpkgs",
        "type": "github"
      }
    },
    "nixpkgs-unstable": {
      "locked": {
        "lastModified": 1783522502,
        "narHash": "sha256-iffAls3iaNTyJC2faYcUXSI+Gp02cDjYl+MygxKl2GI=",
        "owner": "nixos",
        "repo": "nixpkgs",
        "rev": "0bb7ec54c8483066ec9d7720e780a5caa71f8612",
        "type": "github"
      },
      "original": {
        "owner": "nixos",
        "ref": "nixos-unstable",
        "repo": "nixpkgs",
        "type": "github"
      }
    },
    "nixpkgs-unstable-prev": {
      "locked": {
        "lastModified": 1781577229,
        "narHash": "sha256-lrp67w8AulE9Ks53n27I45ADSzbOCn4H+CNW1Ck8B+8=",
        "owner": "nixos",
        "repo": "nixpkgs",
        "rev": "567a49d1913ce81ac6e9582e3553dd90a955875f",
        "type": "github"
      },
      "original": {
        "owner": "nixos",
        "repo": "nixpkgs",
        "rev": "567a49d1913ce81ac6e9582e3553dd90a955875f",
        "type": "github"
      }
    },
    "nur": {
      "inputs": {
        "flake-parts": [
          "flake-parts"
        ],
        "nixpkgs": [
          "nixpkgs"
        ]
      },
      "locked": {
        "lastModified": 1783735544,
        "narHash": "sha256-3tCH5Z6129SBZQJ18Q55KlETXHYXuqXTH3QmzhWuDnc=",
        "owner": "nix-community",
        "repo": "nur",
        "rev": "8b2a756f32ae6e47889889b070f416963daf4ed0",
        "type": "github"
      },
      "original": {
        "owner": "nix-community",
        "repo": "nur",
        "type": "github"
      }
    },
    "nvf": {
      "inputs": {
        "flake-compat": "flake-compat_6",
        "mnw": "mnw",
        "nixpkgs": [
          "nixpkgs"
        ]
      },
      "locked": {
        "lastModified": 1783679527,
        "narHash": "sha256-K6zi7ZTiHghYG7s+fheYWWKCNdg9OxI2cO8+ozaE5Xs=",
        "owner": "notashelf",
        "repo": "nvf",
        "rev": "a9d578460ea71cd7ae853ab091e106f7e773069e",
        "type": "github"
      },
      "original": {
        "owner": "notashelf",
        "repo": "nvf",
        "type": "github"
      }
    },
    "optnix": {
      "inputs": {
        "flake-compat": [
          "nixos-cli",
          "flake-compat"
        ],
        "nixpkgs": [
          "nixos-cli",
          "nixpkgs"
        ]
      },
      "locked": {
        "lastModified": 1776468647,
        "narHash": "sha256-zx5O1RyRl6Fq+mvMh+JdS18aXR8644bcN9MKh2fN19M=",
        "owner": "water-sucks",
        "repo": "optnix",
        "rev": "c320dc5494c0caaca9ee4341367618c06a957709",
        "type": "github"
      },
      "original": {
        "owner": "water-sucks",
        "repo": "optnix",
        "type": "github"
      }
    },
    "pkgs-by-name": {
      "locked": {
        "lastModified": 1769286518,
        "narHash": "sha256-F7VlUICvYp2wJKyQqM6d46BNEZCzMQ6dMH9zbmjuybc=",
        "owner": "drupol",
        "repo": "pkgs-by-name-for-flake-parts",
        "rev": "7ba1cd4a9a72c9c6c272018a63f090f2c912a171",
        "type": "github"
      },
      "original": {
        "owner": "drupol",
        "repo": "pkgs-by-name-for-flake-parts",
        "type": "github"
      }
    },
    "pkgs-by-name_2": {
      "locked": {
        "lastModified": 1769286518,
        "narHash": "sha256-F7VlUICvYp2wJKyQqM6d46BNEZCzMQ6dMH9zbmjuybc=",
        "owner": "drupol",
        "repo": "pkgs-by-name-for-flake-parts",
        "rev": "7ba1cd4a9a72c9c6c272018a63f090f2c912a171",
        "type": "github"
      },
      "original": {
        "owner": "drupol",
        "repo": "pkgs-by-name-for-flake-parts",
        "type": "github"
      }
    },
    "proxy-suite-flake": {
      "inputs": {
        "nixpkgs": [
          "nixpkgs"
        ],
        "zapret": "zapret"
      },
      "locked": {
        "lastModified": 1783749277,
        "narHash": "sha256-j6g9wLxD0rUj/tZls9SjDh5CarweOOOMXD3EGcBof3s=",
        "owner": "fufsob",
        "repo": "proxy-suite-flake",
        "rev": "e54c9463dd2890402f9e3087cc8fef3268f85746",
        "type": "github"
      },
      "original": {
        "owner": "fufsob",
        "repo": "proxy-suite-flake",
        "type": "github"
      }
    },
    "root": {
      "inputs": {
        "betterfox": "betterfox",
        "binternet-nix": "binternet-nix",
        "darwin": [
          "nix-darwin"
        ],
        "den": "den",
        "disko": "disko",
        "dms": "dms",
        "dms-plugins": "dms-plugins",
        "dns-malw-link": "dns-malw-link",
        "driftwm": "driftwm",
        "files": "files",
        "firefox-addons": "firefox-addons",
        "flake-file": "flake-file",
        "flake-parts": "flake-parts",
        "flake-utils": "flake-utils_2",
        "halley-flake": "halley-flake",
        "helium-flake": "helium-flake",
        "home-manager": "home-manager",
        "hytale-launcher": "hytale-launcher",
        "import-tree": "import-tree",
        "late-sh": "late-sh",
        "make-shell": "make-shell",
        "myown": "myown",
        "nilla-cli": "nilla-cli",
        "niri-flake": "niri-flake",
        "nix-cursors": "nix-cursors",
        "nix-darwin": "nix-darwin",
        "nix-flatpak": "nix-flatpak",
        "nix-minecraft": "nix-minecraft",
        "nixcord": "nixcord",
        "nixos-cli": "nixos-cli",
        "nixpkgs": [
          "nixpkgs-unstable"
        ],
        "nixpkgs-lib": [
          "nixpkgs"
        ],
        "nixpkgs-stable": "nixpkgs-stable",
        "nixpkgs-stable-prev": "nixpkgs-stable-prev",
        "nixpkgs-unstable": "nixpkgs-unstable",
        "nixpkgs-unstable-prev": "nixpkgs-unstable-prev",
        "nur": "nur",
        "nvf": "nvf",
        "pkgs-by-name": "pkgs-by-name_2",
        "proxy-suite-flake": "proxy-suite-flake",
        "sops-nix": "sops-nix",
        "spicetify-nix": "spicetify-nix",
        "steam-config-nix": "steam-config-nix",
        "strom-nix": "strom-nix",
        "stylix": "stylix",
        "treefmt-nix": "treefmt-nix",
        "xytz": "xytz",
        "ytsub": "ytsub"
      }
    },
    "rust-overlay": {
      "inputs": {
        "nixpkgs": [
          "late-sh",
          "nixpkgs"
        ]
      },
      "locked": {
        "lastModified": 1776222810,
        "narHash": "sha256-5TD8MYqLMcJi9yV/9jq2dVUPtnu/lKZPD61esQCgvqs=",
        "owner": "oxalica",
        "repo": "rust-overlay",
        "rev": "4d6fee71fea68418a48992409b47f1183d0dd111",
        "type": "github"
      },
      "original": {
        "owner": "oxalica",
        "repo": "rust-overlay",
        "type": "github"
      }
    },
    "rust-overlay_2": {
      "inputs": {
        "nixpkgs": [
          "ytsub",
          "nixpkgs"
        ]
      },
      "locked": {
        "lastModified": 1780110990,
        "narHash": "sha256-6QBThUi7SuK+dgA+DCaEkQGZN4kYx6DpXmK45+MG9zI=",
        "owner": "oxalica",
        "repo": "rust-overlay",
        "rev": "85570ef134d92a8702de6afd1f6f0209c863fa91",
        "type": "github"
      },
      "original": {
        "owner": "oxalica",
        "repo": "rust-overlay",
        "type": "github"
      }
    },
    "sops-nix": {
      "inputs": {
        "nixpkgs": [
          "nixpkgs"
        ]
      },
      "locked": {
        "lastModified": 1783174389,
        "narHash": "sha256-aCWC8ngycU7OdJrU2+Je3qf+1a2ykuBvpPhZT/9tXMc=",
        "owner": "mic92",
        "repo": "sops-nix",
        "rev": "f1406619a3884cd5c47992a70b8b35c9c0fcb4c9",
        "type": "github"
      },
      "original": {
        "owner": "mic92",
        "repo": "sops-nix",
        "type": "github"
      }
    },
    "spicetify-nix": {
      "inputs": {
        "nixpkgs": [
          "nixpkgs"
        ],
        "systems": "systems_4"
      },
      "locked": {
        "lastModified": 1783713280,
        "narHash": "sha256-TcDlq7je/KLuwDVpCWBp6hoBqxuhWvatekq8pqPjY60=",
        "owner": "gerg-l",
        "repo": "spicetify-nix",
        "rev": "3fdc209a45ff9b4e95596feb3be1684d9da51735",
        "type": "github"
      },
      "original": {
        "owner": "gerg-l",
        "repo": "spicetify-nix",
        "type": "github"
      }
    },
    "steam-config-nix": {
      "inputs": {
        "flake-parts": [
          "flake-parts"
        ],
        "nixpkgs": [
          "nixpkgs"
        ],
        "systems": "systems_5"
      },
      "locked": {
        "lastModified": 1783258469,
        "narHash": "sha256-WNNE9Fm/DHj6ppMCxdAujyRamcNeng9wC3se0aw/oPc=",
        "owner": "different-name",
        "repo": "steam-config-nix",
        "rev": "87b661b33f5f7cf441d4e2234ab302bdd6c6b310",
        "type": "github"
      },
      "original": {
        "owner": "different-name",
        "repo": "steam-config-nix",
        "type": "github"
      }
    },
    "strom-nix": {
      "inputs": {
        "git-hooks": "git-hooks",
        "nixpkgs": [
          "nixpkgs"
        ],
        "wrappers": "wrappers"
      },
      "locked": {
        "lastModified": 1782228284,
        "narHash": "sha256-3pogj4X5AVEcjv31E4+g1sb/2txAsQCQK2/J8KMBEp8=",
        "owner": "kraftwerk-gaming",
        "repo": "strom",
        "rev": "b10d941bb471c6fb3df1f29eadd267cfc8319f9b",
        "type": "github"
      },
      "original": {
        "owner": "kraftwerk-gaming",
        "repo": "strom",
        "type": "github"
      }
    },
    "stylix": {
      "inputs": {
        "base16": "base16",
        "base16-fish": "base16-fish",
        "base16-helix": "base16-helix",
        "base16-vim": "base16-vim",
        "firefox-gnome-theme": "firefox-gnome-theme",
        "flake-parts": [
          "flake-parts"
        ],
        "gnome-shell": "gnome-shell",
        "nixpkgs": [
          "nixpkgs"
        ],
        "nur": [
          "nur"
        ],
        "systems": "systems_6",
        "tinted-kitty": "tinted-kitty",
        "tinted-schemes": "tinted-schemes",
        "tinted-tmux": "tinted-tmux",
        "tinted-zed": "tinted-zed"
      },
      "locked": {
        "lastModified": 1784064535,
        "narHash": "sha256-clgBV9S6DRmPI+2LEx0OkYXlCIyx/3u/6lj3cJVXpcs=",
        "owner": "panchoh",
        "repo": "stylix",
        "rev": "82d32180b5638c3476667bccd2a05202ebcee46e",
        "type": "github"
      },
      "original": {
        "owner": "panchoh",
        "ref": "fix/stylix--set-home-pointerCursor-enable",
        "repo": "stylix",
        "type": "github"
      }
    },
    "systems": {
      "locked": {
        "lastModified": 1681028828,
        "narHash": "sha256-Vy1rq5AaRuLzOxct8nz4T6wlgyUR7zLU309k9mBC768=",
        "owner": "nix-systems",
        "repo": "default",
        "rev": "da67096a3b9bf56a91d16901293e51ba5b49a27e",
        "type": "github"
      },
      "original": {
        "owner": "nix-systems",
        "repo": "default",
        "type": "github"
      }
    },
    "systems_2": {
      "locked": {
        "lastModified": 1681028828,
        "narHash": "sha256-Vy1rq5AaRuLzOxct8nz4T6wlgyUR7zLU309k9mBC768=",
        "owner": "nix-systems",
        "repo": "default",
        "rev": "da67096a3b9bf56a91d16901293e51ba5b49a27e",
        "type": "github"
      },
      "original": {
        "owner": "nix-systems",
        "repo": "default",
        "type": "github"
      }
    },
    "systems_3": {
      "locked": {
        "lastModified": 1681028828,
        "narHash": "sha256-Vy1rq5AaRuLzOxct8nz4T6wlgyUR7zLU309k9mBC768=",
        "owner": "nix-systems",
        "repo": "default",
        "rev": "da67096a3b9bf56a91d16901293e51ba5b49a27e",
        "type": "github"
      },
      "original": {
        "owner": "nix-systems",
        "repo": "default",
        "type": "github"
      }
    },
    "systems_4": {
      "locked": {
        "lastModified": 1681028828,
        "narHash": "sha256-Vy1rq5AaRuLzOxct8nz4T6wlgyUR7zLU309k9mBC768=",
        "owner": "nix-systems",
        "repo": "default",
        "rev": "da67096a3b9bf56a91d16901293e51ba5b49a27e",
        "type": "github"
      },
      "original": {
        "owner": "nix-systems",
        "repo": "default",
        "type": "github"
      }
    },
    "systems_5": {
      "locked": {
        "lastModified": 1681028828,
        "narHash": "sha256-Vy1rq5AaRuLzOxct8nz4T6wlgyUR7zLU309k9mBC768=",
        "owner": "nix-systems",
        "repo": "default",
        "rev": "da67096a3b9bf56a91d16901293e51ba5b49a27e",
        "type": "github"
      },
      "original": {
        "owner": "nix-systems",
        "repo": "default",
        "type": "github"
      }
    },
    "systems_6": {
      "locked": {
        "lastModified": 1681028828,
        "narHash": "sha256-Vy1rq5AaRuLzOxct8nz4T6wlgyUR7zLU309k9mBC768=",
        "owner": "nix-systems",
        "repo": "default",
        "rev": "da67096a3b9bf56a91d16901293e51ba5b49a27e",
        "type": "github"
      },
      "original": {
        "owner": "nix-systems",
        "repo": "default",
        "type": "github"
      }
    },
    "tinted-kitty": {
      "flake": false,
      "locked": {
        "lastModified": 1735730497,
        "narHash": "sha256-4KtB+FiUzIeK/4aHCKce3V9HwRvYaxX+F1edUrfgzb8=",
        "owner": "tinted-theming",
        "repo": "tinted-kitty",
        "rev": "de6f888497f2c6b2279361bfc790f164bfd0f3fa",
        "type": "github"
      },
      "original": {
        "owner": "tinted-theming",
        "repo": "tinted-kitty",
        "type": "github"
      }
    },
    "tinted-schemes": {
      "flake": false,
      "locked": {
        "lastModified": 1777806186,
        "narHash": "sha256-PDF0/wObw4nIsSBeXVYLsloXOiphXCgIdsrNcVXguKs=",
        "owner": "tinted-theming",
        "repo": "schemes",
        "rev": "0c94645546f4f3ddac77a1a5fce54eb95bf50795",
        "type": "github"
      },
      "original": {
        "owner": "tinted-theming",
        "repo": "schemes",
        "type": "github"
      }
    },
    "tinted-tmux": {
      "flake": false,
      "locked": {
        "lastModified": 1778379944,
        "narHash": "sha256-wPDFzMGSlARlw0Sfsn48Q2+jPSfk6N0Ng6BC/d+7Q24=",
        "owner": "tinted-theming",
        "repo": "tinted-tmux",
        "rev": "fe0203a198690e71a5ff11e08812a4673de3678d",
        "type": "github"
      },
      "original": {
        "owner": "tinted-theming",
        "repo": "tinted-tmux",
        "type": "github"
      }
    },
    "tinted-zed": {
      "flake": false,
      "locked": {
        "lastModified": 1778378178,
        "narHash": "sha256-OXPXRIQgGwV77HjYRryOHguh4ALX96jkg+tseLkGgHA=",
        "owner": "tinted-theming",
        "repo": "base16-zed",
        "rev": "9cd816033ff969415b190722cddf134e78a5665f",
        "type": "github"
      },
      "original": {
        "owner": "tinted-theming",
        "repo": "base16-zed",
        "type": "github"
      }
    },
    "treefmt-nix": {
      "inputs": {
        "nixpkgs": [
          "nixpkgs"
        ]
      },
      "locked": {
        "lastModified": 1780220602,
        "narHash": "sha256-eynAfOmbmxJnkp7YewvCEbShNnnYJ9gLLqkzsYtBPeM=",
        "owner": "numtide",
        "repo": "treefmt-nix",
        "rev": "db947814a175b7ca6ded66e21383d938df01c227",
        "type": "github"
      },
      "original": {
        "owner": "numtide",
        "repo": "treefmt-nix",
        "type": "github"
      }
    },
    "wrappers": {
      "inputs": {
        "nixpkgs": [
          "strom-nix",
          "nixpkgs"
        ]
      },
      "locked": {
        "lastModified": 1778521741,
        "narHash": "sha256-2tDw4bqspsxLevqOOGjK7u5igHYGQDBWqfSoQYFRT6A=",
        "owner": "lassulus",
        "repo": "wrappers",
        "rev": "7e4f77dd0afe3453cc41bdb91513784e9ff50d8a",
        "type": "github"
      },
      "original": {
        "owner": "lassulus",
        "repo": "wrappers",
        "type": "github"
      }
    },
    "xwayland-satellite-stable": {
      "flake": false,
      "locked": {
        "lastModified": 1755491097,
        "narHash": "sha256-m+9tUfsmBeF2Gn4HWa6vSITZ4Gz1eA1F5Kh62B0N4oE=",
        "owner": "Supreeeme",
        "repo": "xwayland-satellite",
        "rev": "388d291e82ffbc73be18169d39470f340707edaa",
        "type": "github"
      },
      "original": {
        "owner": "Supreeeme",
        "ref": "v0.7",
        "repo": "xwayland-satellite",
        "type": "github"
      }
    },
    "xwayland-satellite-unstable": {
      "flake": false,
      "locked": {
        "lastModified": 1781226823,
        "narHash": "sha256-28696iIw8uE0ZUyFTtzhEM8xMh85clCYypMxkvUi+sc=",
        "owner": "Supreeeme",
        "repo": "xwayland-satellite",
        "rev": "8575d0ef55d70f9b4c46b6bffb3accf912217e1e",
        "type": "github"
      },
      "original": {
        "owner": "Supreeeme",
        "repo": "xwayland-satellite",
        "type": "github"
      }
    },
    "xytz": {
      "inputs": {
        "flake-utils": [
          "flake-utils"
        ],
        "nixpkgs": [
          "nixpkgs"
        ]
      },
      "locked": {
        "lastModified": 1783439232,
        "narHash": "sha256-kOP6eZ8JvABj8xAvaV+Fg6Yq0/DjzUoWpBTWrZWygyk=",
        "owner": "xdagiz",
        "repo": "xytz",
        "rev": "3b1daccd9f47a97589df2deada879bfff6602d8b",
        "type": "github"
      },
      "original": {
        "owner": "xdagiz",
        "repo": "xytz",
        "type": "github"
      }
    },
    "ytsub": {
      "inputs": {
        "crane": "crane",
        "flake-utils": [
          "flake-utils"
        ],
        "nixpkgs": [
          "nixpkgs"
        ],
        "rust-overlay": "rust-overlay_2"
      },
      "locked": {
        "lastModified": 1780137036,
        "narHash": "sha256-wMpNnjuNbjFiE2Yik5B70xZYsGNDwUxOwrRLOK68UqU=",
        "owner": "sarowish",
        "repo": "ytsub",
        "rev": "b6a5c8d099b203113d85b453333b11dcb9c4795c",
        "type": "github"
      },
      "original": {
        "owner": "sarowish",
        "repo": "ytsub",
        "type": "github"
      }
    },
    "zapret": {
      "inputs": {
        "nixpkgs": [
          "proxy-suite-flake",
          "nixpkgs"
        ],
        "zapret-flowseal": "zapret-flowseal"
      },
      "locked": {
        "lastModified": 1,
        "narHash": "sha256-Q9w9hxzimX0O0wqQTfMJk/tEIvRtYI7GclLHSQAatKY=",
        "type": "tarball",
        "url": "https://archive.org/download/zapret-tgws-nix-2026-07-10/zapret-discord-youtube.tar.gz"
      },
      "original": {
        "type": "tarball",
        "url": "https://archive.org/download/zapret-tgws-nix-2026-07-10/zapret-discord-youtube.tar.gz"
      }
    },
    "zapret-flowseal": {
      "flake": false,
      "locked": {
        "lastModified": 1,
        "narHash": "sha256-OJ14gttWLGVkwG4XR5LZdK2UOxMhIjwdrGo7x8YSiNE=",
        "type": "tarball",
        "url": "https://archive.org/download/zapret-tgws-nix-2026-07-10/zapret-flowseal.tar.gz"
      },
      "original": {
        "type": "tarball",
        "url": "https://archive.org/download/zapret-tgws-nix-2026-07-10/zapret-flowseal.tar.gz"
      }
    }
  },
  "root": "root",
  "version": 7
}
