{
  "nodes": {
    "agenix": {
      "inputs": {
        "darwin": [
          "nix-darwin"
        ],
        "home-manager": [
          "home-manager"
        ],
        "nixpkgs": [
          "nixpkgs"
        ],
        "systems": "systems"
      },
      "locked": {
        "lastModified": 1770165109,
        "narHash": "sha256-9VnK6Oqai65puVJ4WYtCTvlJeXxMzAp/69HhQuTdl/I=",
        "owner": "ryantm",
        "repo": "agenix",
        "rev": "b027ee29d959fda4b60b57566d64c98a202e0feb",
        "type": "github"
      },
      "original": {
        "owner": "ryantm",
        "repo": "agenix",
        "type": "github"
      }
    },
    "aurelia": {
      "inputs": {
        "flake-utils": [
          "flake-utils"
        ],
        "nixpkgs": [
          "nixpkgs"
        ]
      },
      "locked": {
        "lastModified": 1788296384,
        "narHash": "sha256-rbfV/NKRyXBBv6D6GucEAiVyt8oRvikRG+bUNGF+8N4=",
        "owner": "drackrath",
        "repo": "aurelia",
        "rev": "ff7d66bed99565e9aa3ba84d7efaa9cf45876593",
        "type": "github"
      },
      "original": {
        "owner": "drackrath",
        "repo": "aurelia",
        "type": "github"
      }
    },
    "base16": {
      "inputs": {
        "fromYaml": "fromYaml"
      },
      "locked": {
        "lastModified": 1755819240,
        "narHash": "sha256-qcMhnL7aGAuFuutH4rq9fvAhCpJWVHLcHVZLtPctPlo=",
        "owner": "SenchoPens",
        "repo": "base16.nix",
        "rev": "75ed5e5e3fce37df22e49125181fa37899c3ccd6",
        "type": "github"
      },
      "original": {
        "owner": "SenchoPens",
        "repo": "base16.nix",
        "type": "github"
      }
    },
    "base16-fish": {
      "flake": false,
      "locked": {
        "lastModified": 1765809053,
        "narHash": "sha256-XCUQLoLfBJ8saWms2HCIj4NEN+xNsWBlU1NrEPcQG4s=",
        "owner": "tomyun",
        "repo": "base16-fish",
        "rev": "86cbea4dca62e08fb7fd83a70e96472f92574782",
        "type": "github"
      },
      "original": {
        "owner": "tomyun",
        "repo": "base16-fish",
        "rev": "86cbea4dca62e08fb7fd83a70e96472f92574782",
        "type": "github"
      }
    },
    "base16-helix": {
      "flake": false,
      "locked": {
        "lastModified": 1776754714,
        "narHash": "sha256-E3OAK27smtATTmX45uoTSRsVD+Y+ZiVVfgM/tjpbtYg=",
        "owner": "tinted-theming",
        "repo": "base16-helix",
        "rev": "4d508123037e7851ad36ebf7d9c48b0e9e1eb581",
        "type": "github"
      },
      "original": {
        "owner": "tinted-theming",
        "repo": "base16-helix",
        "type": "github"
      }
    },
    "base16-vim": {
      "flake": false,
      "locked": {
        "lastModified": 1732806396,
        "narHash": "sha256-e0bpPySdJf0F68Ndanwm+KWHgQiZ0s7liLhvJSWDNsA=",
        "owner": "tinted-theming",
        "repo": "base16-vim",
        "rev": "577fe8125d74ff456cf942c733a85d769afe58b7",
        "type": "github"
      },
      "original": {
        "owner": "tinted-theming",
        "repo": "base16-vim",
        "rev": "577fe8125d74ff456cf942c733a85d769afe58b7",
        "type": "github"
      }
    },
    "betterfox": {
      "flake": false,
      "locked": {
        "lastModified": 1788713351,
        "narHash": "sha256-mIP/WcXUcGrJsWCJzR4zqPOmt0BbbpTZVaN/MbIwBbw=",
        "owner": "yokoffing",
        "repo": "betterfox",
        "rev": "067172a4b0dc90e78e5b8b94d9abfe6430c6a7be",
        "type": "github"
      },
      "original": {
        "owner": "yokoffing",
        "repo": "betterfox",
        "type": "github"
      }
    },
    "cachyos-kernel-nix": {
      "inputs": {
        "flake-compat": "flake-compat",
        "flake-parts": [
          "flake-parts"
        ],
        "nixpkgs": "nixpkgs"
      },
      "locked": {
        "lastModified": 1789241994,
        "narHash": "sha256-kY+k8kGBd8w4kxrw8IPzQGpnYZQV4mik2ZNHtGN0eHI=",
        "owner": "xddxdd",
        "repo": "nix-cachyos-kernel",
        "rev": "444d135dde71c1de547cf7bfd73e67145e67aebb",
        "type": "github"
      },
      "original": {
        "owner": "xddxdd",
        "ref": "release",
        "repo": "nix-cachyos-kernel",
        "type": "github"
      }
    },
    "chaotic-nyx": {
      "inputs": {
        "flake-schemas": "flake-schemas",
        "home-manager": [
          "home-manager"
        ],
        "nixpkgs": [
          "nixpkgs"
        ]
      },
      "locked": {
        "lastModified": 1790011627,
        "narHash": "sha256-lN9q6Q6+mWrQMPpyTb0G2FkRPg/IuQSmmyNFCP/1eN4=",
        "owner": "chaotic-cx",
        "repo": "nyx",
        "rev": "1dbf2397ff5e5901efce94972fe3361c4e5d015a",
        "type": "github"
      },
      "original": {
        "owner": "chaotic-cx",
        "ref": "nyxpkgs-unstable",
        "repo": "nyx",
        "type": "github"
      }
    },
    "dag": {
      "locked": {
        "lastModified": 1786636402,
        "narHash": "sha256-RI2Elc4c9SZt11z10bUeNirFF20vH0cAkIyLfr38Bjw=",
        "owner": "denful",
        "repo": "dag",
        "rev": "81620ad3bcc943a4ac140d52b09812de8fea4394",
        "type": "github"
      },
      "original": {
        "owner": "denful",
        "repo": "dag",
        "type": "github"
      }
    },
    "dank-qml-common": {
      "flake": false,
      "locked": {
        "lastModified": 1788376015,
        "narHash": "sha256-/tT8rTznLADndTwLBzdgzzgfJH1ZhYQibYo5v/F8U+U=",
        "owner": "AvengeMedia",
        "repo": "dank-qml-common",
        "rev": "26396ce432d6c71c3f5367438f96f4a8d667e160",
        "type": "github"
      },
      "original": {
        "owner": "AvengeMedia",
        "repo": "dank-qml-common",
        "type": "github"
      }
    },
    "den": {
      "locked": {
        "lastModified": 1790044411,
        "narHash": "sha256-J4i1q5/UWJBfZe0/tcCVumWnHQXWjRVWPEeLAMerCdU=",
        "owner": "denful",
        "repo": "den",
        "rev": "4d6911233c2d2b45113f3d2875deea8df823e170",
        "type": "github"
      },
      "original": {
        "owner": "denful",
        "repo": "den",
        "type": "github"
      }
    },
    "disko": {
      "inputs": {
        "nixpkgs": [
          "nixpkgs"
        ]
      },
      "locked": {
        "lastModified": 1789770686,
        "narHash": "sha256-uZkBR7yHdIKUFB5SZdfgh1qkGfI3XmYmI/lTiquxbck=",
        "owner": "nix-community",
        "repo": "disko",
        "rev": "725ea35e410ad83be4931d1bff7e090eacaf3563",
        "type": "github"
      },
      "original": {
        "owner": "nix-community",
        "repo": "disko",
        "type": "github"
      }
    },
    "dms": {
      "inputs": {
        "dank-qml-common": "dank-qml-common",
        "flake-compat": "flake-compat_2",
        "nixpkgs": [
          "nixpkgs"
        ]
      },
      "locked": {
        "lastModified": 1789657660,
        "narHash": "sha256-NPYX33iiXo6aBwh7umfJzeZQBedupOG7pk5z171ID3s=",
        "owner": "avengemedia",
        "repo": "dankmaterialshell",
        "rev": "2db7646fe3ab47fddfdb8723f2da07d61a0d47ac",
        "type": "github"
      },
      "original": {
        "owner": "avengemedia",
        "ref": "stable",
        "repo": "dankmaterialshell",
        "type": "github"
      }
    },
    "dms-plugins": {
      "inputs": {
        "nixpkgs": [
          "nixpkgs"
        ]
      },
      "locked": {
        "lastModified": 1790044206,
        "narHash": "sha256-rgK0Ck7Q4URQPAFQY6Hgn/j7zexAc3k8z6UHsVNMOEM=",
        "owner": "avengemedia",
        "repo": "dms-plugin-registry",
        "rev": "26bea39510b217a78f464ec8880ba9d3ca11272d",
        "type": "github"
      },
      "original": {
        "owner": "avengemedia",
        "repo": "dms-plugin-registry",
        "type": "github"
      }
    },
    "dns-malw-link": {
      "flake": false,
      "locked": {
        "lastModified": 1788012836,
        "narHash": "sha256-63hMJC9154KD5s0kV2BbyA6qJBl3basW/gNQ41qv3YI=",
        "owner": "immalware",
        "repo": "dns.malw.link",
        "rev": "bf91eb9f3e971d0943a27fc9ac0a234e6c5fe9db",
        "type": "github"
      },
      "original": {
        "owner": "immalware",
        "repo": "dns.malw.link",
        "type": "github"
      }
    },
    "erosanix": {
      "inputs": {
        "flake-compat": "flake-compat_3",
        "nixpkgs": [
          "nixpkgs"
        ]
      },
      "locked": {
        "lastModified": 1789568877,
        "narHash": "sha256-XosWJfCYVKw6jceK9KQW73UhzH0OhftkriHQ+XSiCms=",
        "owner": "emmanuelrosa",
        "repo": "erosanix",
        "rev": "5996b4fa78e47770b1fc0f62e5878a437b761b02",
        "type": "github"
      },
      "original": {
        "owner": "emmanuelrosa",
        "repo": "erosanix",
        "type": "github"
      }
    },
    "files": {
      "locked": {
        "lastModified": 1780084175,
        "narHash": "sha256-hmXRqcp+rWLW8GEYgrBDFHPGziP1R59oQbG+Imji2kE=",
        "owner": "sini",
        "repo": "files",
        "rev": "b79ab01ba5394ddf3c1d0fadafbcc1ccb9536c5f",
        "type": "github"
      },
      "original": {
        "owner": "sini",
        "repo": "files",
        "type": "github"
      }
    },
    "finix": {
      "locked": {
        "lastModified": 1789785348,
        "narHash": "sha256-zz+eqC+AhSIDSSToDcAZp6bZyGtSs9D59K6Jjh+82n4=",
        "owner": "finix-community",
        "repo": "finix",
        "rev": "bb5965afe646b8c1055be3646b6df39e754d03a3",
        "type": "github"
      },
      "original": {
        "owner": "finix-community",
        "repo": "finix",
        "type": "github"
      }
    },
    "finix-community": {
      "locked": {
        "lastModified": 1789915875,
        "narHash": "sha256-HLR4jtriTaLp3Re/CW1zVk9rMe3m4+r/69WNYp1e6Ek=",
        "owner": "finix-community",
        "repo": "community-modules",
        "rev": "fde0284678c6ddda9641d963ddbb367c825f5696",
        "type": "github"
      },
      "original": {
        "owner": "finix-community",
        "repo": "community-modules",
        "type": "github"
      }
    },
    "firefox-gnome-theme": {
      "flake": false,
      "locked": {
        "lastModified": 1783570805,
        "narHash": "sha256-ptl5aRlCv9/uRSv2u8Hq8UFVFeZ6Q/bT049bpqNgc3w=",
        "owner": "rafaelmardojai",
        "repo": "firefox-gnome-theme",
        "rev": "5602ed62d638142c1ab31dccd01dfbfb28841225",
        "type": "github"
      },
      "original": {
        "owner": "rafaelmardojai",
        "repo": "firefox-gnome-theme",
        "type": "github"
      }
    },
    "flake-compat": {
      "flake": false,
      "locked": {
        "lastModified": 1767039857,
        "narHash": "sha256-vNpUSpF5Nuw8xvDLj2KCwwksIbjua2LZCqhV1LNRDns=",
        "owner": "NixOS",
        "repo": "flake-compat",
        "rev": "5edf11c44bc78a0d334f6334cdaf7d60d732daab",
        "type": "github"
      },
      "original": {
        "owner": "NixOS",
        "repo": "flake-compat",
        "type": "github"
      }
    },
    "flake-compat_2": {
      "flake": false,
      "locked": {
        "lastModified": 1767039857,
        "narHash": "sha256-vNpUSpF5Nuw8xvDLj2KCwwksIbjua2LZCqhV1LNRDns=",
        "owner": "NixOS",
        "repo": "flake-compat",
        "rev": "5edf11c44bc78a0d334f6334cdaf7d60d732daab",
        "type": "github"
      },
      "original": {
        "owner": "NixOS",
        "repo": "flake-compat",
        "type": "github"
      }
    },
    "flake-compat_3": {
      "flake": false,
      "locked": {
        "lastModified": 1777728799,
        "narHash": "sha256-z7jjYQqhkFKab92VQ3duB7QVO7f7Y62qTFrJYXO/lyo=",
        "owner": "edolstra",
        "repo": "flake-compat",
        "rev": "4b2287113c2f9a2331c04899b2e2e5ab92dea9c5",
        "type": "github"
      },
      "original": {
        "owner": "edolstra",
        "repo": "flake-compat",
        "type": "github"
      }
    },
    "flake-compat_4": {
      "flake": false,
      "locked": {
        "lastModified": 1696426674,
        "narHash": "sha256-kvjfFW7WAETZlt09AgDn1MrtKzP7t90Vf7vypd3OL1U=",
        "owner": "edolstra",
        "repo": "flake-compat",
        "rev": "0f9255e01c2351cc7d116c072cb317785dd33b33",
        "type": "github"
      },
      "original": {
        "owner": "edolstra",
        "repo": "flake-compat",
        "type": "github"
      }
    },
    "flake-compat_5": {
      "flake": false,
      "locked": {
        "lastModified": 1747046372,
        "narHash": "sha256-CIVLLkVgvHYbgI2UpXvIIBJ12HWgX+fjA8Xf8PUmqCY=",
        "owner": "edolstra",
        "repo": "flake-compat",
        "rev": "9100a0f413b0c601e0533d1d94ffd501ce2e7885",
        "type": "github"
      },
      "original": {
        "owner": "edolstra",
        "repo": "flake-compat",
        "type": "github"
      }
    },
    "flake-compat_6": {
      "flake": false,
      "locked": {
        "lastModified": 1767039857,
        "narHash": "sha256-vNpUSpF5Nuw8xvDLj2KCwwksIbjua2LZCqhV1LNRDns=",
        "owner": "edolstra",
        "repo": "flake-compat",
        "rev": "5edf11c44bc78a0d334f6334cdaf7d60d732daab",
        "type": "github"
      },
      "original": {
        "owner": "edolstra",
        "repo": "flake-compat",
        "type": "github"
      }
    },
    "flake-compat_7": {
      "flake": false,
      "locked": {
        "lastModified": 1767039857,
        "narHash": "sha256-vNpUSpF5Nuw8xvDLj2KCwwksIbjua2LZCqhV1LNRDns=",
        "owner": "NixOS",
        "repo": "flake-compat",
        "rev": "5edf11c44bc78a0d334f6334cdaf7d60d732daab",
        "type": "github"
      },
      "original": {
        "owner": "NixOS",
        "repo": "flake-compat",
        "type": "github"
      }
    },
    "flake-compat_8": {
      "locked": {
        "lastModified": 1733328505,
        "narHash": "sha256-NeCCThCEP3eCl2l/+27kNNK7QrwZB1IJCrXfrbv5oqU=",
        "rev": "ff81ac966bb2cae68946d5ed5fc4994f96d0ffec",
        "revCount": 69,
        "type": "tarball",
        "url": "https://api.flakehub.com/f/pinned/edolstra/flake-compat/1.1.0/01948eb7-9cba-704f-bbf3-3fa956735b52/source.tar.gz?rev=ff81ac966bb2cae68946d5ed5fc4994f96d0ffec&revCount=69"
      },
      "original": {
        "type": "tarball",
        "url": "https://flakehub.com/f/edolstra/flake-compat/1.tar.gz"
      }
    },
    "flake-file": {
      "locked": {
        "lastModified": 1789150028,
        "narHash": "sha256-o/o3n8+HAzFOFH83SuGW/w5J6glHtV+r8v+gJbMeoXM=",
        "owner": "denful",
        "repo": "flake-file",
        "rev": "eccac77d2c2567efb6f368330930f3d55af8668a",
        "type": "github"
      },
      "original": {
        "owner": "denful",
        "repo": "flake-file",
        "type": "github"
      }
    },
    "flake-parts": {
      "inputs": {
        "nixpkgs-lib": [
          "nixpkgs"
        ]
      },
      "locked": {
        "lastModified": 1788450739,
        "narHash": "sha256-glZLQlzIn1fXH6PazR2iUmTo7kzzyYSshrWhLS9TqCU=",
        "owner": "hercules-ci",
        "repo": "flake-parts",
        "rev": "31729ca8cbdb4fa927b34e5f4353e6a83f39e993",
        "type": "github"
      },
      "original": {
        "owner": "hercules-ci",
        "repo": "flake-parts",
        "type": "github"
      }
    },
    "flake-schemas": {
      "locked": {
        "lastModified": 1780327564,
        "narHash": "sha256-HiRPtA0spK+Dkgbhz/1zW9glXxNVB+L4Rj2VYmdawb8=",
        "rev": "6cc9bd98891b1fc6bb2b8cb3277df8bc72799ca6",
        "revCount": 149,
        "type": "tarball",
        "url": "https://api.flakehub.com/f/pinned/DeterminateSystems/flake-schemas/0.5.0/019e83cf-9af3-78b1-ac5b-70e68ad1efe1/source.tar.gz"
      },
      "original": {
        "type": "tarball",
        "url": "https://flakehub.com/f/DeterminateSystems/flake-schemas/%3D0.5.0.tar.gz"
      }
    },
    "flake-utils": {
      "inputs": {
        "systems": "systems_2"
      },
      "locked": {
        "lastModified": 1731533236,
        "narHash": "sha256-l0KFg5HjrsfsO/JpG+r7fRrqm12kzFHyUHqHCVpMMbI=",
        "owner": "numtide",
        "repo": "flake-utils",
        "rev": "11707dc2f618dd54ca8739b309ec4fc024de578b",
        "type": "github"
      },
      "original": {
        "owner": "numtide",
        "repo": "flake-utils",
        "type": "github"
      }
    },
    "flake-utils_2": {
      "inputs": {
        "systems": [
          "mangowc",
          "scenefx",
          "systems"
        ]
      },
      "locked": {
        "lastModified": 1731533236,
        "narHash": "sha256-l0KFg5HjrsfsO/JpG+r7fRrqm12kzFHyUHqHCVpMMbI=",
        "owner": "numtide",
        "repo": "flake-utils",
        "rev": "11707dc2f618dd54ca8739b309ec4fc024de578b",
        "type": "github"
      },
      "original": {
        "owner": "numtide",
        "repo": "flake-utils",
        "type": "github"
      }
    },
    "fromYaml": {
      "flake": false,
      "locked": {
        "lastModified": 1731966426,
        "narHash": "sha256-lq95WydhbUTWig/JpqiB7oViTcHFP8Lv41IGtayokA8=",
        "owner": "SenchoPens",
        "repo": "fromYaml",
        "rev": "106af9e2f715e2d828df706c386a685698f3223b",
        "type": "github"
      },
      "original": {
        "owner": "SenchoPens",
        "repo": "fromYaml",
        "type": "github"
      }
    },
    "gnome-shell": {
      "flake": false,
      "locked": {
        "host": "gitlab.gnome.org",
        "lastModified": 1776175984,
        "narHash": "sha256-RJFlFW8GiMei6oqUGrMkGEvVqOH8U7Q8abc1yK4VKD8=",
        "owner": "GNOME",
        "repo": "gnome-shell",
        "rev": "e0fdc4c13250e9a9b8ea9594c83925274f4a5dca",
        "type": "gitlab"
      },
      "original": {
        "host": "gitlab.gnome.org",
        "owner": "GNOME",
        "ref": "50.1",
        "repo": "gnome-shell",
        "type": "gitlab"
      }
    },
    "hjem": {
      "inputs": {
        "nixpkgs": [
          "nixpkgs"
        ]
      },
      "locked": {
        "lastModified": 1789958605,
        "narHash": "sha256-J/Rh2uL5gG3g1KU4z4QdyOqJ6d5HIy/fc/94Yn1fBVc=",
        "owner": "feel-co",
        "repo": "hjem",
        "rev": "b7db95216a7160391cdd0a2d49c7332963733311",
        "type": "github"
      },
      "original": {
        "owner": "feel-co",
        "repo": "hjem",
        "type": "github"
      }
    },
    "hjem-rum": {
      "inputs": {
        "hjem": [
          "hjem"
        ],
        "nixpkgs": [
          "nixpkgs"
        ]
      },
      "locked": {
        "lastModified": 1789576270,
        "narHash": "sha256-ntcojKoFfndHu9/cw6zRyan2AECyxMwJ0e1Qr7a+m40=",
        "owner": "snugnug",
        "repo": "hjem-rum",
        "rev": "4194064c687bf6ca7a79cbe127cbe5a3f51ed5d5",
        "type": "github"
      },
      "original": {
        "owner": "snugnug",
        "repo": "hjem-rum",
        "type": "github"
      }
    },
    "home-manager": {
      "inputs": {
        "nixpkgs": [
          "nixpkgs"
        ]
      },
      "locked": {
        "lastModified": 1790021793,
        "narHash": "sha256-wXAdaLBAjbQK/OfESV/i0pgolkz+Uo4SbBP/MbfGLHU=",
        "owner": "nix-community",
        "repo": "home-manager",
        "rev": "a3dfb887d40d134af29fa8e924ba85a3e3a99194",
        "type": "github"
      },
      "original": {
        "owner": "nix-community",
        "repo": "home-manager",
        "type": "github"
      }
    },
    "import-tree": {
      "locked": {
        "lastModified": 1788467110,
        "narHash": "sha256-ljEMTXP/rH0tOvDzc9gzwww6KcHRPRnEHzd9lK48V7s=",
        "owner": "denful",
        "repo": "import-tree",
        "rev": "eb1b52eaecc57f7c136d07ae8a93e724dfecac46",
        "type": "github"
      },
      "original": {
        "owner": "denful",
        "repo": "import-tree",
        "type": "github"
      }
    },
    "make-shell": {
      "inputs": {
        "flake-compat": "flake-compat_4"
      },
      "locked": {
        "lastModified": 1733933815,
        "narHash": "sha256-9JjM7eT66W4NJAXpGUsdyAFXhBxFWR2Z9LZwUa7Hli0=",
        "owner": "nicknovitski",
        "repo": "make-shell",
        "rev": "ffeceae9956df03571ea8e96ef77c2924f13a63c",
        "type": "github"
      },
      "original": {
        "owner": "nicknovitski",
        "repo": "make-shell",
        "type": "github"
      }
    },
    "mangowc": {
      "inputs": {
        "flake-parts": [
          "flake-parts"
        ],
        "nixpkgs": [
          "nixpkgs"
        ],
        "scenefx": "scenefx"
      },
      "locked": {
        "lastModified": 1790035102,
        "narHash": "sha256-AOsaxwvN9Fzj+DivZ06BenEFpDnf9jwizbGSa94n+zw=",
        "owner": "mangowm",
        "repo": "mango",
        "rev": "94fd551e0e5ab64164c8c8beaa7768e67e471c4f",
        "type": "github"
      },
      "original": {
        "owner": "mangowm",
        "repo": "mango",
        "type": "github"
      }
    },
    "ncro": {
      "inputs": {
        "nixpkgs": [
          "nixpkgs"
        ]
      },
      "locked": {
        "lastModified": 1790039094,
        "narHash": "sha256-o5qPU/QPxcAmeVwFydXqEkn1HI6TbPgkHpecXyme6Bs=",
        "owner": "manic-systems",
        "repo": "ncro",
        "rev": "bb4fb8329e30dc294b2298618ba96379860dfd4d",
        "type": "github"
      },
      "original": {
        "owner": "manic-systems",
        "repo": "ncro",
        "type": "github"
      }
    },
    "nfqws2-keenetic": {
      "flake": false,
      "locked": {
        "lastModified": 1789144514,
        "narHash": "sha256-G+LvvXDqzYm8SOXNc3N+HIzvD9DR3J+WT+HHDdmjB0Y=",
        "owner": "nfqws",
        "repo": "nfqws2-keenetic",
        "rev": "fa22c177b340e73d8b8a94b295af20e0228c4c22",
        "type": "github"
      },
      "original": {
        "owner": "nfqws",
        "repo": "nfqws2-keenetic",
        "type": "github"
      }
    },
    "nilla-cli": {
      "locked": {
        "lastModified": 1783759909,
        "narHash": "sha256-IB12XrIj0iyPD7ROl1Y7VHpXWpmYoP7uV3j3XUZDAXI=",
        "owner": "nilla-nix",
        "repo": "cli",
        "rev": "3286a3299ab9e6017f8467c0ae0d6969a5176db9",
        "type": "github"
      },
      "original": {
        "owner": "nilla-nix",
        "repo": "cli",
        "type": "github"
      }
    },
    "nix-darwin": {
      "inputs": {
        "nixpkgs": [
          "nixpkgs"
        ]
      },
      "locked": {
        "lastModified": 1786845137,
        "narHash": "sha256-oQFip+v0luP8NIxJzmiW4Wu8bILsbFWom5l0zonl8hQ=",
        "owner": "nix-darwin",
        "repo": "nix-darwin",
        "rev": "4cff07de74b50e64bdd68cd4e722ab5b6b35ee48",
        "type": "github"
      },
      "original": {
        "owner": "nix-darwin",
        "repo": "nix-darwin",
        "type": "github"
      }
    },
    "nix-filter": {
      "locked": {
        "lastModified": 1757882181,
        "narHash": "sha256-+cCxYIh2UNalTz364p+QYmWHs0P+6wDhiWR4jDIKQIU=",
        "owner": "numtide",
        "repo": "nix-filter",
        "rev": "59c44d1909c72441144b93cf0f054be7fe764de5",
        "type": "github"
      },
      "original": {
        "owner": "numtide",
        "repo": "nix-filter",
        "type": "github"
      }
    },
    "nix-math": {
      "inputs": {
        "flake-parts": [
          "flake-parts"
        ],
        "nixpkgs": [
          "nixpkgs"
        ]
      },
      "locked": {
        "lastModified": 1782186959,
        "narHash": "sha256-YWUcFge5KsiVcMeDtfbGw/A1iLmY/2ChFztelQiALSQ=",
        "owner": "xddxdd",
        "repo": "nix-math",
        "rev": "a8de20648e26d2874fc04e26683c2ae2bec6ea0e",
        "type": "github"
      },
      "original": {
        "owner": "xddxdd",
        "repo": "nix-math",
        "type": "github"
      }
    },
    "nix-minecraft": {
      "inputs": {
        "flake-compat": "flake-compat_5",
        "nixpkgs": [
          "nixpkgs"
        ],
        "systems": "systems_4"
      },
      "locked": {
        "lastModified": 1779568360,
        "narHash": "sha256-6T2jaIPiTGnjtTpolY2+Rh7IIfkFVY6j8rDyJ3V2g2M=",
        "owner": "hustlerone",
        "repo": "nix-minecraft",
        "rev": "813f295a842eabb3c0a5a55a8a411dfeaa09c804",
        "type": "github"
      },
      "original": {
        "owner": "hustlerone",
        "repo": "nix-minecraft",
        "type": "github"
      }
    },
    "nix-secrets": {
      "inputs": {
        "nixpkgs": [
          "nixpkgs"
        ]
      },
      "locked": {
        "lastModified": 1788356805,
        "narHash": "sha256-rxClV4z02Ev/bk0/FpdT5h9Oq4/o16RA7e6LRl1/QtU=",
        "owner": "unnamed-systems",
        "repo": "nix-secrets",
        "rev": "151f264a22b595802647db8fac09a2dbd6cb202c",
        "type": "github"
      },
      "original": {
        "owner": "unnamed-systems",
        "repo": "nix-secrets",
        "type": "github"
      }
    },
    "nixcraft": {
      "inputs": {
        "flake-parts": [
          "flake-parts"
        ],
        "nixpkgs": [
          "nixpkgs"
        ]
      },
      "locked": {
        "lastModified": 1790044332,
        "narHash": "sha256-naiz0EPekUash8A/Mc1cxayI1auAMbnrQlO1145WjnU=",
        "owner": "loystonpais",
        "repo": "nixcraft",
        "rev": "393a45c81c0b9fa6097dd2e1ad9e0d98a05ec645",
        "type": "github"
      },
      "original": {
        "owner": "loystonpais",
        "repo": "nixcraft",
        "type": "github"
      }
    },
    "nixos-cli": {
      "inputs": {
        "flake-compat": "flake-compat_6",
        "flake-parts": [
          "flake-parts"
        ],
        "nixpkgs": [
          "nixpkgs"
        ],
        "optnix": "optnix"
      },
      "locked": {
        "lastModified": 1785660397,
        "narHash": "sha256-4T5rGN79nrfOoDG6r4k3jEFmVy2PT1M30sEW+Oc7TU0=",
        "owner": "nix-community",
        "repo": "nixos-cli",
        "rev": "b17047e43eb19a76e2ea5a2f09d558d3b4b3c816",
        "type": "github"
      },
      "original": {
        "owner": "nix-community",
        "repo": "nixos-cli",
        "type": "github"
      }
    },
    "nixos-hardware": {
      "inputs": {
        "nixpkgs": [
          "nixpkgs"
        ]
      },
      "locked": {
        "lastModified": 1789978172,
        "narHash": "sha256-FIRXajv1pPZ+l6On6ekkmcQ6le0Zi0ncRUoR3nB0vKA=",
        "owner": "NixOS",
        "repo": "nixos-hardware",
        "rev": "9ebcb7766700d7e006d9505247bd7ce0426f4232",
        "type": "github"
      },
      "original": {
        "owner": "NixOS",
        "repo": "nixos-hardware",
        "type": "github"
      }
    },
    "nixpkgs": {
      "locked": {
        "lastModified": 1789181251,
        "narHash": "sha256-8yaO1XLoObzYgb6Uj+0IkUxbkCI6kBLuImoZAuAHzB4=",
        "owner": "NixOS",
        "repo": "nixpkgs",
        "rev": "f496248152e1ad8c61b59a6739cc499b447168e4",
        "type": "github"
      },
      "original": {
        "owner": "NixOS",
        "ref": "nixos-unstable-small",
        "repo": "nixpkgs",
        "type": "github"
      }
    },
    "nixpkgs-easyeffects": {
      "locked": {
        "lastModified": 1767313136,
        "narHash": "sha256-16KkgfdYqjaeRGBaYsNrhPRRENs0qzkQVUooNHtoy2w=",
        "owner": "nixos",
        "repo": "nixpkgs",
        "rev": "ac62194c3917d5f474c1a844b6fd6da2db95077d",
        "type": "github"
      },
      "original": {
        "owner": "nixos",
        "ref": "nixos-25.05",
        "repo": "nixpkgs",
        "type": "github"
      }
    },
    "nixpkgs-fixed": {
      "locked": {
        "lastModified": 1781577229,
        "narHash": "sha256-lrp67w8AulE9Ks53n27I45ADSzbOCn4H+CNW1Ck8B+8=",
        "owner": "nixos",
        "repo": "nixpkgs",
        "rev": "567a49d1913ce81ac6e9582e3553dd90a955875f",
        "type": "github"
      },
      "original": {
        "owner": "nixos",
        "repo": "nixpkgs",
        "rev": "567a49d1913ce81ac6e9582e3553dd90a955875f",
        "type": "github"
      }
    },
    "nixpkgs-master": {
      "locked": {
        "lastModified": 1790044335,
        "narHash": "sha256-rPSd4NNU4uVgvmrH8JNYbhVKtsNwjycYFdZ5H/VukAA=",
        "owner": "nixos",
        "repo": "nixpkgs",
        "rev": "61bd024b7bc4ed8656a5f3dc2664a61b5cbb43c1",
        "type": "github"
      },
      "original": {
        "owner": "nixos",
        "ref": "master",
        "repo": "nixpkgs",
        "type": "github"
      }
    },
    "nixpkgs-stable": {
      "locked": {
        "lastModified": 1789998861,
        "narHash": "sha256-62XMQD4WLdMAfdT0/8gJmPH2dKeTw908ryNloAplTr8=",
        "owner": "nixos",
        "repo": "nixpkgs",
        "rev": "1e8bc658fc985ef27ccd66d107d767b32bb7ef98",
        "type": "github"
      },
      "original": {
        "owner": "nixos",
        "ref": "nixos-26.05",
        "repo": "nixpkgs",
        "type": "github"
      }
    },
    "nixpkgs-unstable": {
      "locked": {
        "lastModified": 1789921291,
        "narHash": "sha256-Ft/BRnIqw1MywFoXydKobjjWmDFgDdYtSpJliE8+yUw=",
        "owner": "nixos",
        "repo": "nixpkgs",
        "rev": "44a91898084f46797b5fac650c7e8c9ac38c43d4",
        "type": "github"
      },
      "original": {
        "owner": "nixos",
        "ref": "nixos-unstable",
        "repo": "nixpkgs",
        "type": "github"
      }
    },
    "nur": {
      "inputs": {
        "flake-parts": [
          "flake-parts"
        ],
        "nixpkgs": [
          "nixpkgs"
        ]
      },
      "locked": {
        "lastModified": 1790044873,
        "narHash": "sha256-nl9ICbArgOoqck+kTTS9OYHjaSSBRGH2wAxIBL4La7o=",
        "owner": "nix-community",
        "repo": "nur",
        "rev": "d14fcd80ad62547f1b0f3dd3e436b4059a6f241e",
        "type": "github"
      },
      "original": {
        "owner": "nix-community",
        "repo": "nur",
        "type": "github"
      }
    },
    "optnix": {
      "inputs": {
        "flake-compat": [
          "nixos-cli",
          "flake-compat"
        ],
        "nixpkgs": [
          "nixos-cli",
          "nixpkgs"
        ]
      },
      "locked": {
        "lastModified": 1776468647,
        "narHash": "sha256-zx5O1RyRl6Fq+mvMh+JdS18aXR8644bcN9MKh2fN19M=",
        "owner": "water-sucks",
        "repo": "optnix",
        "rev": "c320dc5494c0caaca9ee4341367618c06a957709",
        "type": "github"
      },
      "original": {
        "owner": "water-sucks",
        "repo": "optnix",
        "type": "github"
      }
    },
    "pkgs-by-name": {
      "locked": {
        "lastModified": 1789628227,
        "narHash": "sha256-PC+g00FlwHgA/MyejBAEtQLRnrZLiA/Eo7i0rEkZ7bE=",
        "owner": "drupol",
        "repo": "pkgs-by-name-for-flake-parts",
        "rev": "da796090e8b34326a4aaf0c173df514f135b3907",
        "type": "github"
      },
      "original": {
        "owner": "drupol",
        "repo": "pkgs-by-name-for-flake-parts",
        "type": "github"
      }
    },
    "proxy-suite-flake": {
      "inputs": {
        "nfqws2-keenetic": "nfqws2-keenetic",
        "nixpkgs": [
          "nixpkgs"
        ],
        "z2k": "z2k",
        "zapret": "zapret"
      },
      "locked": {
        "lastModified": 1789754380,
        "narHash": "sha256-A9CoiGWKMlkDDPnqZcATSuFTDDKqjcd/INKPhksMkQU=",
        "owner": "fufsob",
        "repo": "proxy-suite-flake",
        "rev": "4bcc168b2a1dd27c8b052bd3e97ed5fd1efb6b2e",
        "type": "github"
      },
      "original": {
        "owner": "fufsob",
        "repo": "proxy-suite-flake",
        "type": "github"
      }
    },
    "root": {
      "inputs": {
        "agenix": "agenix",
        "aurelia": "aurelia",
        "betterfox": "betterfox",
        "cachyos-kernel-nix": "cachyos-kernel-nix",
        "chaotic-nyx": "chaotic-nyx",
        "dag": "dag",
        "den": "den",
        "disko": "disko",
        "dms": "dms",
        "dms-plugins": "dms-plugins",
        "dns-malw-link": "dns-malw-link",
        "erosanix": "erosanix",
        "files": "files",
        "finix": "finix",
        "finix-community": "finix-community",
        "flake-file": "flake-file",
        "flake-parts": "flake-parts",
        "flake-utils": "flake-utils",
        "hjem": "hjem",
        "hjem-rum": "hjem-rum",
        "home-manager": "home-manager",
        "import-tree": "import-tree",
        "make-shell": "make-shell",
        "mangowc": "mangowc",
        "ncro": "ncro",
        "nilla-cli": "nilla-cli",
        "nix-darwin": "nix-darwin",
        "nix-math": "nix-math",
        "nix-minecraft": "nix-minecraft",
        "nix-secrets": "nix-secrets",
        "nixcraft": "nixcraft",
        "nixos-cli": "nixos-cli",
        "nixos-hardware": "nixos-hardware",
        "nixpkgs": [
          "nixpkgs-unstable"
        ],
        "nixpkgs-easyeffects": "nixpkgs-easyeffects",
        "nixpkgs-fixed": "nixpkgs-fixed",
        "nixpkgs-lib": [
          "nixpkgs"
        ],
        "nixpkgs-master": "nixpkgs-master",
        "nixpkgs-stable": "nixpkgs-stable",
        "nixpkgs-unstable": "nixpkgs-unstable",
        "nur": "nur",
        "pkgs-by-name": "pkgs-by-name",
        "proxy-suite-flake": "proxy-suite-flake",
        "scroll-flake": "scroll-flake",
        "sopsnix": "sopsnix",
        "spicetify-nix": "spicetify-nix",
        "steam-config-nix": "steam-config-nix",
        "stylix": "stylix",
        "tinted-theming": "tinted-theming",
        "umbriel": "umbriel",
        "vicinae-extensions": "vicinae-extensions",
        "winapps": "winapps",
        "xmcl": "xmcl"
      }
    },
    "scenefx": {
      "inputs": {
        "flake-utils": "flake-utils_2",
        "nixpkgs": [
          "mangowc",
          "nixpkgs"
        ],
        "systems": "systems_3"
      },
      "locked": {
        "lastModified": 1782624992,
        "narHash": "sha256-vUjLG6eubEhJJVa9LPygIcVmNoHwYbSUTJcWEcbxnU4=",
        "owner": "wlrfx",
        "repo": "scenefx",
        "rev": "37ccd723bef49e6891156ffafce8f549f01446cc",
        "type": "github"
      },
      "original": {
        "owner": "wlrfx",
        "repo": "scenefx",
        "type": "github"
      }
    },
    "scroll-flake": {
      "inputs": {
        "nixpkgs": [
          "nixpkgs"
        ],
        "scroll-git": "scroll-git",
        "scroll-stable": "scroll-stable"
      },
      "locked": {
        "lastModified": 1790043499,
        "narHash": "sha256-nqpu1jXGOEsl8m67j+F8liib0iHm1iMhMuSgfScXDtg=",
        "owner": "diax170",
        "repo": "scroll-flake",
        "rev": "769c48b48f83d2f745254e13e60c4872e64fbfaa",
        "type": "github"
      },
      "original": {
        "owner": "diax170",
        "repo": "scroll-flake",
        "type": "github"
      }
    },
    "scroll-git": {
      "flake": false,
      "locked": {
        "lastModified": 1790003888,
        "narHash": "sha256-naqAhad/l7eWxfvRJUSGVxwbvKN9rGq98M6ZH7efcio=",
        "owner": "dawsers",
        "repo": "scroll",
        "rev": "f2b4e9c27b2d3dbece9dd2799614f96bdddbfc29",
        "type": "github"
      },
      "original": {
        "owner": "dawsers",
        "ref": "master",
        "repo": "scroll",
        "type": "github"
      }
    },
    "scroll-stable": {
      "flake": false,
      "locked": {
        "lastModified": 1787305355,
        "narHash": "sha256-WlCM+g2fY3Kr5B5zf+TVpPHCJpflO/fmAKz9yuoCAsI=",
        "owner": "dawsers",
        "repo": "scroll",
        "rev": "f80c5820c0eebaad586f0008faecfe3ae62c307a",
        "type": "github"
      },
      "original": {
        "owner": "dawsers",
        "ref": "refs/tags/1.12.21",
        "repo": "scroll",
        "type": "github"
      }
    },
    "sopsnix": {
      "inputs": {
        "nixpkgs": [
          "nixpkgs"
        ]
      },
      "locked": {
        "lastModified": 1789890976,
        "narHash": "sha256-GKwH3zpy7tartuJMG0Rv/xUsdetG1QLmTVv8UKgJLmA=",
        "owner": "mic92",
        "repo": "sops-nix",
        "rev": "7214124c20c1542c90deb54af50e2f53ae02711f",
        "type": "github"
      },
      "original": {
        "owner": "mic92",
        "repo": "sops-nix",
        "type": "github"
      }
    },
    "spicetify-nix": {
      "inputs": {
        "nixpkgs": [
          "nixpkgs"
        ],
        "systems": "systems_5"
      },
      "locked": {
        "lastModified": 1790025920,
        "narHash": "sha256-SmeXQetF/hQbhz0qVv3qv7QxvfKhhrJ+tgYQLYkFJZk=",
        "owner": "gerg-l",
        "repo": "spicetify-nix",
        "rev": "e96330757db4c93b10c31b85feb23ffa693f7b2d",
        "type": "github"
      },
      "original": {
        "owner": "gerg-l",
        "repo": "spicetify-nix",
        "type": "github"
      }
    },
    "steam-config-nix": {
      "inputs": {
        "flake-parts": [
          "flake-parts"
        ],
        "nixpkgs": [
          "nixpkgs"
        ],
        "systems": "systems_6"
      },
      "locked": {
        "lastModified": 1789776288,
        "narHash": "sha256-egtA2kNImvI/Y2WdrTvQopClja17zfgBQACZhVBt5zc=",
        "owner": "different-name",
        "repo": "steam-config-nix",
        "rev": "763c3480b4885b8fc2db623f61f891fecdfdc99d",
        "type": "github"
      },
      "original": {
        "owner": "different-name",
        "repo": "steam-config-nix",
        "type": "github"
      }
    },
    "stylix": {
      "inputs": {
        "base16": "base16",
        "base16-fish": "base16-fish",
        "base16-helix": "base16-helix",
        "base16-vim": "base16-vim",
        "firefox-gnome-theme": "firefox-gnome-theme",
        "flake-parts": [
          "flake-parts"
        ],
        "gnome-shell": "gnome-shell",
        "nixpkgs": [
          "nixpkgs"
        ],
        "nur": [
          "nur"
        ],
        "systems": "systems_7",
        "tinted-kitty": "tinted-kitty",
        "tinted-schemes": "tinted-schemes",
        "tinted-tmux": "tinted-tmux",
        "tinted-zed": "tinted-zed"
      },
      "locked": {
        "lastModified": 1789937675,
        "narHash": "sha256-/F9gQpAlPCxheQ9ht/5Fka2JEr/FfuOh9R7ySa9SAGc=",
        "owner": "nix-community",
        "repo": "stylix",
        "rev": "abff36bfab11cbdcd0723f41c1b0921e211be6ac",
        "type": "github"
      },
      "original": {
        "owner": "nix-community",
        "repo": "stylix",
        "type": "github"
      }
    },
    "systems": {
      "locked": {
        "lastModified": 1681028828,
        "narHash": "sha256-Vy1rq5AaRuLzOxct8nz4T6wlgyUR7zLU309k9mBC768=",
        "owner": "nix-systems",
        "repo": "default",
        "rev": "da67096a3b9bf56a91d16901293e51ba5b49a27e",
        "type": "github"
      },
      "original": {
        "owner": "nix-systems",
        "repo": "default",
        "type": "github"
      }
    },
    "systems_2": {
      "locked": {
        "lastModified": 1681028828,
        "narHash": "sha256-Vy1rq5AaRuLzOxct8nz4T6wlgyUR7zLU309k9mBC768=",
        "owner": "nix-systems",
        "repo": "default",
        "rev": "da67096a3b9bf56a91d16901293e51ba5b49a27e",
        "type": "github"
      },
      "original": {
        "owner": "nix-systems",
        "repo": "default",
        "type": "github"
      }
    },
    "systems_3": {
      "locked": {
        "lastModified": 1689347949,
        "narHash": "sha256-12tWmuL2zgBgZkdoB6qXZsgJEH9LR3oUgpaQq2RbI80=",
        "owner": "nix-systems",
        "repo": "default-linux",
        "rev": "31732fcf5e8fea42e59c2488ad31a0e651500f68",
        "type": "github"
      },
      "original": {
        "owner": "nix-systems",
        "repo": "default-linux",
        "type": "github"
      }
    },
    "systems_4": {
      "locked": {
        "lastModified": 1681028828,
        "narHash": "sha256-Vy1rq5AaRuLzOxct8nz4T6wlgyUR7zLU309k9mBC768=",
        "owner": "nix-systems",
        "repo": "default",
        "rev": "da67096a3b9bf56a91d16901293e51ba5b49a27e",
        "type": "github"
      },
      "original": {
        "owner": "nix-systems",
        "repo": "default",
        "type": "github"
      }
    },
    "systems_5": {
      "locked": {
        "lastModified": 1681028828,
        "narHash": "sha256-Vy1rq5AaRuLzOxct8nz4T6wlgyUR7zLU309k9mBC768=",
        "owner": "nix-systems",
        "repo": "default",
        "rev": "da67096a3b9bf56a91d16901293e51ba5b49a27e",
        "type": "github"
      },
      "original": {
        "owner": "nix-systems",
        "repo": "default",
        "type": "github"
      }
    },
    "systems_6": {
      "locked": {
        "lastModified": 1680978846,
        "narHash": "sha256-Gtqg8b/v49BFDpDetjclCYXm8mAnTrUzR0JnE2nv5aw=",
        "owner": "nix-systems",
        "repo": "x86_64-linux",
        "rev": "2ecfcac5e15790ba6ce360ceccddb15ad16d08a8",
        "type": "github"
      },
      "original": {
        "owner": "nix-systems",
        "repo": "x86_64-linux",
        "type": "github"
      }
    },
    "systems_7": {
      "locked": {
        "lastModified": 1774449309,
        "narHash": "sha256-brhZ8DmuGtzkCYHJg4HEd602amKm89Y9ytsFZ5uWD1w=",
        "owner": "nix-systems",
        "repo": "default",
        "rev": "c29398b59d2048c4ab79345812849c9bd15e9150",
        "type": "github"
      },
      "original": {
        "owner": "nix-systems",
        "ref": "future-26.11",
        "repo": "default",
        "type": "github"
      }
    },
    "systems_8": {
      "locked": {
        "lastModified": 1681028828,
        "narHash": "sha256-Vy1rq5AaRuLzOxct8nz4T6wlgyUR7zLU309k9mBC768=",
        "owner": "nix-systems",
        "repo": "default",
        "rev": "da67096a3b9bf56a91d16901293e51ba5b49a27e",
        "type": "github"
      },
      "original": {
        "owner": "nix-systems",
        "repo": "default",
        "type": "github"
      }
    },
    "tinted-kitty": {
      "flake": false,
      "locked": {
        "lastModified": 1735730497,
        "narHash": "sha256-4KtB+FiUzIeK/4aHCKce3V9HwRvYaxX+F1edUrfgzb8=",
        "owner": "tinted-theming",
        "repo": "tinted-kitty",
        "rev": "de6f888497f2c6b2279361bfc790f164bfd0f3fa",
        "type": "github"
      },
      "original": {
        "owner": "tinted-theming",
        "repo": "tinted-kitty",
        "type": "github"
      }
    },
    "tinted-schemes": {
      "flake": false,
      "locked": {
        "lastModified": 1785153830,
        "narHash": "sha256-fNdfCTeCXU3tZG3TMincd+u68qBHQgCr2Ljr/M1mWP0=",
        "owner": "tinted-theming",
        "repo": "schemes",
        "rev": "9bd28ed313560db3c5b605c63bc4e309e78e3fc8",
        "type": "github"
      },
      "original": {
        "owner": "tinted-theming",
        "repo": "schemes",
        "type": "github"
      }
    },
    "tinted-theming": {
      "flake": false,
      "locked": {
        "lastModified": 1789252319,
        "narHash": "sha256-J0ZdiDExP+wdSgR+Fz5/GEEtqQrJ0O49l/GtwZKrfRU=",
        "owner": "tinted-theming",
        "repo": "schemes",
        "rev": "7cda828e3ed8bca190857bdcfe6bac84db690780",
        "type": "github"
      },
      "original": {
        "owner": "tinted-theming",
        "repo": "schemes",
        "type": "github"
      }
    },
    "tinted-tmux": {
      "flake": false,
      "locked": {
        "lastModified": 1785031658,
        "narHash": "sha256-mZp9O2LjzdMzlqQF3l3fjqsuPBzXy+1qTfBEUGjTlpk=",
        "owner": "tinted-theming",
        "repo": "tinted-tmux",
        "rev": "5d2c67f61ea7af36f16865ab6d541cdba41dc257",
        "type": "github"
      },
      "original": {
        "owner": "tinted-theming",
        "repo": "tinted-tmux",
        "type": "github"
      }
    },
    "tinted-zed": {
      "flake": false,
      "locked": {
        "lastModified": 1785030526,
        "narHash": "sha256-klZf8UviewRkxuu74Bhbq6tqy7oxebQC7UVRWbbtQxU=",
        "owner": "tinted-theming",
        "repo": "base16-zed",
        "rev": "16f5a8adf4a6b1310d0a61ab172de963e8f76a02",
        "type": "github"
      },
      "original": {
        "owner": "tinted-theming",
        "repo": "base16-zed",
        "type": "github"
      }
    },
    "umbriel": {
      "inputs": {
        "nixpkgs": [
          "nixpkgs"
        ],
        "xdg-desktop-portal-umbriel": "xdg-desktop-portal-umbriel"
      },
      "locked": {
        "lastModified": 1790042270,
        "narHash": "sha256-oPHblYV2dAIRR2f8hSaUmdhR+j3KZt3sEFQ2em8/VZE=",
        "owner": "noctalia-dev",
        "repo": "umbriel",
        "rev": "e791363f498fc1ed4633f1cda992c8768181d3c7",
        "type": "github"
      },
      "original": {
        "owner": "noctalia-dev",
        "repo": "umbriel",
        "type": "github"
      }
    },
    "vicinae": {
      "inputs": {
        "nixpkgs": [
          "vicinae-extensions",
          "nixpkgs"
        ],
        "systems": [
          "vicinae-extensions",
          "systems"
        ]
      },
      "locked": {
        "lastModified": 1780277152,
        "narHash": "sha256-P3YrDLnggsMsSoiX/ox3CS6GkZtY37XQVon/QR6Agw8=",
        "owner": "vicinaehq",
        "repo": "vicinae",
        "rev": "67290dff5b2191a6cb6dd78b31d623eeef3acdec",
        "type": "github"
      },
      "original": {
        "owner": "vicinaehq",
        "repo": "vicinae",
        "type": "github"
      }
    },
    "vicinae-extensions": {
      "inputs": {
        "flake-compat": "flake-compat_7",
        "nixpkgs": [
          "nixpkgs"
        ],
        "systems": "systems_8",
        "vicinae": "vicinae"
      },
      "locked": {
        "lastModified": 1789530923,
        "narHash": "sha256-fJn+0rlse0n1QrTR9pqx5dm3pbsZidMd/xLKscbBG/s=",
        "owner": "vicinaehq",
        "repo": "extensions",
        "rev": "5882e1bbdfcf64279cbd1ed86a50aabed6f716d3",
        "type": "github"
      },
      "original": {
        "owner": "vicinaehq",
        "repo": "extensions",
        "type": "github"
      }
    },
    "winapps": {
      "inputs": {
        "flake-compat": "flake-compat_8",
        "flake-utils": [
          "flake-utils"
        ],
        "nix-filter": "nix-filter",
        "nixpkgs": [
          "nixpkgs"
        ]
      },
      "locked": {
        "lastModified": 1789407052,
        "narHash": "sha256-eSUFY+u9Xq9/i/0/OH5JhVzTvG+eiOEvUErAmfBzaBE=",
        "owner": "winapps-org",
        "repo": "winapps",
        "rev": "42c7e8318280c6fc3426c7afebfc7f43b895f4c8",
        "type": "github"
      },
      "original": {
        "owner": "winapps-org",
        "repo": "winapps",
        "type": "github"
      }
    },
    "xdg-desktop-portal-umbriel": {
      "inputs": {
        "nixpkgs": [
          "umbriel",
          "nixpkgs"
        ]
      },
      "locked": {
        "lastModified": 1788800127,
        "narHash": "sha256-x2D1TiCn0rTwbA8darNxthxOWOCoZLwefptsUM7587I=",
        "owner": "noctalia-dev",
        "repo": "xdg-desktop-portal-umbriel",
        "rev": "d7a1bc386c2a6dfaecaa953165f9f373735c9ee0",
        "type": "github"
      },
      "original": {
        "owner": "noctalia-dev",
        "repo": "xdg-desktop-portal-umbriel",
        "type": "github"
      }
    },
    "xmcl": {
      "inputs": {
        "nixpkgs": [
          "nixpkgs"
        ]
      },
      "locked": {
        "lastModified": 1789471676,
        "narHash": "sha256-264t8Dka2T41ZbeApJDCdy6b6cl9bp5K//ODCVnGJ+4=",
        "owner": "x45iq",
        "repo": "xmcl-nix",
        "rev": "be85519c8017628b9f882d7ea673a1acfc9fa753",
        "type": "github"
      },
      "original": {
        "owner": "x45iq",
        "repo": "xmcl-nix",
        "type": "github"
      }
    },
    "z2k": {
      "flake": false,
      "locked": {
        "lastModified": 1789186266,
        "narHash": "sha256-d9gg7s66P3pkN7d4l72ryaGC9Ayoqg4tbHaoDNbDTT4=",
        "owner": "necronicle",
        "repo": "z2k",
        "rev": "7beb9754d65a2cafd9c1d26d382bcb61d453d5b3",
        "type": "github"
      },
      "original": {
        "owner": "necronicle",
        "ref": "z2k-enhanced",
        "repo": "z2k",
        "type": "github"
      }
    },
    "zapret": {
      "inputs": {
        "nixpkgs": [
          "proxy-suite-flake",
          "nixpkgs"
        ],
        "zapret-flowseal": "zapret-flowseal"
      },
      "locked": {
        "lastModified": 1788726932,
        "narHash": "sha256-MehJgJpN7BGMaDES9I0aj/YG6JkRlSj5RiZDZfclNpc=",
        "owner": "kartavkun",
        "repo": "zapret-discord-youtube",
        "rev": "64a8ee76f4f2e4a8d2751cb732f13448ee1e4fcf",
        "type": "github"
      },
      "original": {
        "owner": "kartavkun",
        "repo": "zapret-discord-youtube",
        "type": "github"
      }
    },
    "zapret-flowseal": {
      "flake": false,
      "locked": {
        "lastModified": 1788121958,
        "narHash": "sha256-WMpxbtA2OH340e4uuXR0tcUW0D6V9Kzs0KI1iKqkXBM=",
        "owner": "Flowseal",
        "repo": "zapret-discord-youtube",
        "rev": "6cec828910d0809863205702182a3557d9d0e8c3",
        "type": "github"
      },
      "original": {
        "owner": "Flowseal",
        "repo": "zapret-discord-youtube",
        "type": "github"
      }
    }
  },
  "root": "root",
  "version": 7
}
